// !$*UTF8*$!
{
	archiveVersion = 1;
	classes = {
	};
	objectVersion = 55;
	objects = {

/* Begin PBXBuildFile section */
		E18581E028AA674000242B70 /* Extension+Design.swift in Sources */ = {isa = PBXBuildFile; fileRef = E18581DF28AA674000242B70 /* Extension+Design.swift */; };
		E18581E328AA8CC000242B70 /* DataStruct.swift in Sources */ = {isa = PBXBuildFile; fileRef = E18581E228AA8CC000242B70 /* DataStruct.swift */; };
		E1EA9E6F28AA403200FF8A1F /* AppDelegate.swift in Sources */ = {isa = PBXBuildFile; fileRef = E1EA9E6E28AA403200FF8A1F /* AppDelegate.swift */; };
		E1EA9E7128AA403200FF8A1F /* SceneDelegate.swift in Sources */ = {isa = PBXBuildFile; fileRef = E1EA9E7028AA403200FF8A1F /* SceneDelegate.swift */; };
		E1EA9E7328AA403200FF8A1F /* ViewController.swift in Sources */ = {isa = PBXBuildFile; fileRef = E1EA9E7228AA403200FF8A1F /* ViewController.swift */; };
		E1EA9E7628AA403200FF8A1F /* Main.storyboard in Resources */ = {isa = PBXBuildFile; fileRef = E1EA9E7428AA403200FF8A1F /* Main.storyboard */; };
		E1EA9E7828AA403300FF8A1F /* Assets.xcassets in Resources */ = {isa = PBXBuildFile; fileRef = E1EA9E7728AA403300FF8A1F /* Assets.xcassets */; };
		E1EA9E7B28AA403300FF8A1F /* LaunchScreen.storyboard in Resources */ = {isa = PBXBuildFile; fileRef = E1EA9E7928AA403300FF8A1F /* LaunchScreen.storyboard */; };
		E1EA9E8528AA40FA00FF8A1F /* .gitignore in Resources */ = {isa = PBXBuildFile; fileRef = E1EA9E8428AA40FA00FF8A1F /* .gitignore */; };
		E1EA9E8728AA418D00FF8A1F /* APIKey.swift in Sources */ = {isa = PBXBuildFile; fileRef = E1EA9E8628AA418D00FF8A1F /* APIKey.swift */; };
		E1EA9E8A28AA42B600FF8A1F /* SwiftyJSON in Frameworks */ = {isa = PBXBuildFile; productRef = E1EA9E8928AA42B600FF8A1F /* SwiftyJSON */; };
		E1EA9E8D28AA42C800FF8A1F /* Alamofire in Frameworks */ = {isa = PBXBuildFile; productRef = E1EA9E8C28AA42C800FF8A1F /* Alamofire */; };
		E1EA9E9028AA42D600FF8A1F /* Kingfisher in Frameworks */ = {isa = PBXBuildFile; productRef = E1EA9E8F28AA42D600FF8A1F /* Kingfisher */; };
		E1EA9E9228AA43E300FF8A1F /* EndPoint.swift in Sources */ = {isa = PBXBuildFile; fileRef = E1EA9E9128AA43E300FF8A1F /* EndPoint.swift */; };
		E1EA9E9628AA45F200FF8A1F /* WeatherMapViewController.swift in Sources */ = {isa = PBXBuildFile; fileRef = E1EA9E9528AA45F200FF8A1F /* WeatherMapViewController.swift */; };
		E1EA9E9828AA596800FF8A1F /* APIManager.swift in Sources */ = {isa = PBXBuildFile; fileRef = E1EA9E9728AA596800FF8A1F /* APIManager.swift */; };
/* End PBXBuildFile section */

/* Begin PBXFileReference section */
		E18581DF28AA674000242B70 /* Extension+Design.swift */ = {isa = PBXFileReference; lastKnownFileType = sourcecode.swift; path = "Extension+Design.swift"; sourceTree = "<group>"; };
		E18581E228AA8CC000242B70 /* DataStruct.swift */ = {isa = PBXFileReference; lastKnownFileType = sourcecode.swift; path = DataStruct.swift; sourceTree = "<group>"; };
		E1EA9E6B28AA403200FF8A1F /* OPenWeatherMap.app */ = {isa = PBXFileReference; explicitFileType = wrapper.application; includeInIndex = 0; path = OPenWeatherMap.app; sourceTree = BUILT_PRODUCTS_DIR; };
		E1EA9E6E28AA403200FF8A1F /* AppDelegate.swift */ = {isa = PBXFileReference; lastKnownFileType = sourcecode.swift; path = AppDelegate.swift; sourceTree = "<group>"; };
		E1EA9E7028AA403200FF8A1F /* SceneDelegate.swift */ = {isa = PBXFileReference; lastKnownFileType = sourcecode.swift; path = SceneDelegate.swift; sourceTree = "<group>"; };
		E1EA9E7228AA403200FF8A1F /* ViewController.swift */ = {isa = PBXFileReference; lastKnownFileType = sourcecode.swift; path = ViewController.swift; sourceTree = "<group>"; };
		E1EA9E7528AA403200FF8A1F /* Base */ = {isa = PBXFileReference; lastKnownFileType = file.storyboard; name = Base; path = Base.lproj/Main.storyboard; sourceTree = "<group>"; };
		E1EA9E7728AA403300FF8A1F /* Assets.xcassets */ = {isa = PBXFileReference; lastKnownFileType = folder.assetcatalog; path = Assets.xcassets; sourceTree = "<group>"; };
		E1EA9E7A28AA403300FF8A1F /* Base */ = {isa = PBXFileReference; lastKnownFileType = file.storyboard; name = Base; path = Base.lproj/LaunchScreen.storyboard; sourceTree = "<group>"; };
		E1EA9E7C28AA403300FF8A1F /* Info.plist */ = {isa = PBXFileReference; lastKnownFileType = text.plist.xml; path = Info.plist; sourceTree = "<group>"; };
		E1EA9E8428AA40FA00FF8A1F /* .gitignore */ = {isa = PBXFileReference; lastKnownFileType = text; path = .gitignore; sourceTree = "<group>"; };
		E1EA9E8628AA418D00FF8A1F /* APIKey.swift */ = {isa = PBXFileReference; lastKnownFileType = sourcecode.swift; path = APIKey.swift; sourceTree = "<group>"; };
		E1EA9E9128AA43E300FF8A1F /* EndPoint.swift */ = {isa = PBXFileReference; lastKnownFileType = sourcecode.swift; path = EndPoint.swift; sourceTree = "<group>"; };
		E1EA9E9528AA45F200FF8A1F /* WeatherMapViewController.swift */ = {isa = PBXFileReference; lastKnownFileType = sourcecode.swift; path = WeatherMapViewController.swift; sourceTree = "<group>"; };
		E1EA9E9728AA596800FF8A1F /* APIManager.swift */ = {isa = PBXFileReference; lastKnownFileType = sourcecode.swift; path = APIManager.swift; sourceTree = "<group>"; };
/* End PBXFileReference section */

/* Begin PBXFrameworksBuildPhase section */
		E1EA9E6828AA403200FF8A1F /* Frameworks */ = {
			isa = PBXFrameworksBuildPhase;
			buildActionMask = 2147483647;
			files = (
				E1EA9E9028AA42D600FF8A1F /* Kingfisher in Frameworks */,
				E1EA9E8A28AA42B600FF8A1F /* SwiftyJSON in Frameworks */,
				E1EA9E8D28AA42C800FF8A1F /* Alamofire in Frameworks */,
			);
			runOnlyForDeploymentPostprocessing = 0;
		};
/* End PBXFrameworksBuildPhase section */

/* Begin PBXGroup section */
		E18581E128AA675000242B70 /* Extension+Design */ = {
			isa = PBXGroup;
			children = (
				E18581DF28AA674000242B70 /* Extension+Design.swift */,
			);
			path = "Extension+Design";
			sourceTree = "<group>";
		};
		E18581E428AA8ED600242B70 /* Viewcontroller */ = {
			isa = PBXGroup;
			children = (
				E1EA9E7228AA403200FF8A1F /* ViewController.swift */,
				E1EA9E9528AA45F200FF8A1F /* WeatherMapViewController.swift */,
			);
			path = Viewcontroller;
			sourceTree = "<group>";
		};
		E18581E528AA8EEB00242B70 /* StoryBoard */ = {
			isa = PBXGroup;
			children = (
				E1EA9E7428AA403200FF8A1F /* Main.storyboard */,
				E1EA9E7928AA403300FF8A1F /* LaunchScreen.storyboard */,
			);
			path = StoryBoard;
			sourceTree = "<group>";
		};
		E1EA9E6228AA403200FF8A1F = {
			isa = PBXGroup;
			children = (
				E1EA9E8428AA40FA00FF8A1F /* .gitignore */,
				E1EA9E6D28AA403200FF8A1F /* OPenWeatherMap */,
				E1EA9E6C28AA403200FF8A1F /* Products */,
			);
			sourceTree = "<group>";
		};
		E1EA9E6C28AA403200FF8A1F /* Products */ = {
			isa = PBXGroup;
			children = (
				E1EA9E6B28AA403200FF8A1F /* OPenWeatherMap.app */,
			);
			name = Products;
			sourceTree = "<group>";
		};
		E1EA9E6D28AA403200FF8A1F /* OPenWeatherMap */ = {
			isa = PBXGroup;
			children = (
				E18581E228AA8CC000242B70 /* DataStruct.swift */,
				E18581E528AA8EEB00242B70 /* StoryBoard */,
				E18581E428AA8ED600242B70 /* Viewcontroller */,
				E1EA9E9428AA444600FF8A1F /* Basic */,
				E1EA9E9328AA441000FF8A1F /* Network */,
				E18581E128AA675000242B70 /* Extension+Design */,
				E1EA9E7728AA403300FF8A1F /* Assets.xcassets */,
				E1EA9E7C28AA403300FF8A1F /* Info.plist */,
			);
			path = OPenWeatherMap;
			sourceTree = "<group>";
		};
		E1EA9E9328AA441000FF8A1F /* Network */ = {
			isa = PBXGroup;
			children = (
				E1EA9E8628AA418D00FF8A1F /* APIKey.swift */,
				E1EA9E9128AA43E300FF8A1F /* EndPoint.swift */,
				E1EA9E9728AA596800FF8A1F /* APIManager.swift */,
			);
			path = Network;
			sourceTree = "<group>";
		};
		E1EA9E9428AA444600FF8A1F /* Basic */ = {
			isa = PBXGroup;
			children = (
				E1EA9E6E28AA403200FF8A1F /* AppDelegate.swift */,
				E1EA9E7028AA403200FF8A1F /* SceneDelegate.swift */,
			);
			path = Basic;
			sourceTree = "<group>";
		};
/* End PBXGroup section */

/* Begin PBXNativeTarget section */
		E1EA9E6A28AA403200FF8A1F /* OPenWeatherMap */ = {
			isa = PBXNativeTarget;
			buildConfigurationList = E1EA9E7F28AA403300FF8A1F /* Build configuration list for PBXNativeTarget "OPenWeatherMap" */;
			buildPhases = (
				E1EA9E6728AA403200FF8A1F /* Sources */,
				E1EA9E6828AA403200FF8A1F /* Frameworks */,
				E1EA9E6928AA403200FF8A1F /* Resources */,
			);
			buildRules = (
			);
			dependencies = (
			);
			name = OPenWeatherMap;
			packageProductDependencies = (
				E1EA9E8928AA42B600FF8A1F /* SwiftyJSON */,
				E1EA9E8C28AA42C800FF8A1F /* Alamofire */,
				E1EA9E8F28AA42D600FF8A1F /* Kingfisher */,
			);
			productName = OPenWeatherMap;
			productReference = E1EA9E6B28AA403200FF8A1F /* OPenWeatherMap.app */;
			productType = "com.apple.product-type.application";
		};
/* End PBXNativeTarget section */

/* Begin PBXProject section */
		E1EA9E6328AA403200FF8A1F /* Project object */ = {
			isa = PBXProject;
			attributes = {
				BuildIndependentTargetsInParallel = 1;
				LastSwiftUpdateCheck = 1340;
				LastUpgradeCheck = 1340;
				TargetAttributes = {
					E1EA9E6A28AA403200FF8A1F = {
						CreatedOnToolsVersion = 13.4.1;
					};
				};
			};
			buildConfigurationList = E1EA9E6628AA403200FF8A1F /* Build configuration list for PBXProject "OPenWeatherMap" */;
			compatibilityVersion = "Xcode 13.0";
			developmentRegion = en;
			hasScannedForEncodings = 0;
			knownRegions = (
				en,
				Base,
			);
			mainGroup = E1EA9E6228AA403200FF8A1F;
			packageReferences = (
				E1EA9E8828AA42B600FF8A1F /* XCRemoteSwiftPackageReference "SwiftyJSON" */,
				E1EA9E8B28AA42C800FF8A1F /* XCRemoteSwiftPackageReference "Alamofire" */,
				E1EA9E8E28AA42D600FF8A1F /* XCRemoteSwiftPackageReference "Kingfisher" */,
			);
			productRefGroup = E1EA9E6C28AA403200FF8A1F /* Products */;
			projectDirPath = "";
			projectRoot = "";
			targets = (
				E1EA9E6A28AA403200FF8A1F /* OPenWeatherMap */,
			);
		};
/* End PBXProject section */

/* Begin PBXResourcesBuildPhase section */
		E1EA9E6928AA403200FF8A1F /* Resources */ = {
			isa = PBXResourcesBuildPhase;
			buildActionMask = 2147483647;
			files = (
				E1EA9E8528AA40FA00FF8A1F /* .gitignore in Resources */,
				E1EA9E7B28AA403300FF8A1F /* LaunchScreen.storyboard in Resources */,
				E1EA9E7828AA403300FF8A1F /* Assets.xcassets in Resources */,
				E1EA9E7628AA403200FF8A1F /* Main.storyboard in Resources */,
			);
			runOnlyForDeploymentPostprocessing = 0;
		};
/* End PBXResourcesBuildPhase section */

/* Begin PBXSourcesBuildPhase section */
		E1EA9E6728AA403200FF8A1F /* Sources */ = {
			isa = PBXSourcesBuildPhase;
			buildActionMask = 2147483647;
			files = (
				E18581E328AA8CC000242B70 /* DataStruct.swift in Sources */,
				E1EA9E7328AA403200FF8A1F /* ViewController.swift in Sources */,
				E1EA9E6F28AA403200FF8A1F /* AppDelegate.swift in Sources */,
				E1EA9E9628AA45F200FF8A1F /* WeatherMapViewController.swift in Sources */,
				E18581E028AA674000242B70 /* Extension+Design.swift in Sources */,
				E1EA9E9228AA43E300FF8A1F /* EndPoint.swift in Sources */,
				E1EA9E8728AA418D00FF8A1F /* APIKey.swift in Sources */,
				E1EA9E7128AA403200FF8A1F /* SceneDelegate.swift in Sources */,
				E1EA9E9828AA596800FF8A1F /* APIManager.swift in Sources */,
			);
			runOnlyForDeploymentPostprocessing = 0;
		};
/* End PBXSourcesBuildPhase section */

/* Begin PBXVariantGroup section */
		E1EA9E7428AA403200FF8A1F /* Main.storyboard */ = {
			isa = PBXVariantGroup;
			children = (
				E1EA9E7528AA403200FF8A1F /* Base */,
			);
			name = Main.storyboard;
			sourceTree = "<group>";
		};
		E1EA9E7928AA403300FF8A1F /* LaunchScreen.storyboard */ = {
			isa = PBXVariantGroup;
			children = (
				E1EA9E7A28AA403300FF8A1F /* Base */,
			);
			name = LaunchScreen.storyboard;
			sourceTree = "<group>";
		};
/* End PBXVariantGroup section */

/* Begin XCBuildConfiguration section */
		E1EA9E7D28AA403300FF8A1F /* Debug */ = {
			isa = XCBuildConfiguration;
			buildSettings = {
				ALWAYS_SEARCH_USER_PATHS = NO;
				CLANG_ANALYZER_NONNULL = YES;
				CLANG_ANALYZER_NUMBER_OBJECT_CONVERSION = YES_AGGRESSIVE;
				CLANG_CXX_LANGUAGE_STANDARD = "gnu++17";
				CLANG_ENABLE_MODULES = YES;
				CLANG_ENABLE_OBJC_ARC = YES;
				CLANG_ENABLE_OBJC_WEAK = YES;
				CLANG_WARN_BLOCK_CAPTURE_AUTORELEASING = YES;
				CLANG_WARN_BOOL_CONVERSION = YES;
				CLANG_WARN_COMMA = YES;
				CLANG_WARN_CONSTANT_CONVERSION = YES;
				CLANG_WARN_DEPRECATED_OBJC_IMPLEMENTATIONS = YES;
				CLANG_WARN_DIRECT_OBJC_ISA_USAGE = YES_ERROR;
				CLANG_WARN_DOCUMENTATION_COMMENTS = YES;
				CLANG_WARN_EMPTY_BODY = YES;
				CLANG_WARN_ENUM_CONVERSION = YES;
				CLANG_WARN_INFINITE_RECURSION = YES;
				CLANG_WARN_INT_CONVERSION = YES;
				CLANG_WARN_NON_LITERAL_NULL_CONVERSION = YES;
				CLANG_WARN_OBJC_IMPLICIT_RETAIN_SELF = YES;
				CLANG_WARN_OBJC_LITERAL_CONVERSION = YES;
				CLANG_WARN_OBJC_ROOT_CLASS = YES_ERROR;
				CLANG_WARN_QUOTED_INCLUDE_IN_FRAMEWORK_HEADER = YES;
				CLANG_WARN_RANGE_LOOP_ANALYSIS = YES;
				CLANG_WARN_STRICT_PROTOTYPES = YES;
				CLANG_WARN_SUSPICIOUS_MOVE = YES;
				CLANG_WARN_UNGUARDED_AVAILABILITY = YES_AGGRESSIVE;
				CLANG_WARN_UNREACHABLE_CODE = YES;
				CLANG_WARN__DUPLICATE_METHOD_MATCH = YES;
				COPY_PHASE_STRIP = NO;
				DEBUG_INFORMATION_FORMAT = dwarf;
				ENABLE_STRICT_OBJC_MSGSEND = YES;
				ENABLE_TESTABILITY = YES;
				GCC_C_LANGUAGE_STANDARD = gnu11;
				GCC_DYNAMIC_NO_PIC = NO;
				GCC_NO_COMMON_BLOCKS = YES;
				GCC_OPTIMIZATION_LEVEL = 0;
				GCC_PREPROCESSOR_DEFINITIONS = (
					"DEBUG=1",
					"$(inherited)",
				);
				GCC_WARN_64_TO_32_BIT_CONVERSION = YES;
				GCC_WARN_ABOUT_RETURN_TYPE = YES_ERROR;
				GCC_WARN_UNDECLARED_SELECTOR = YES;
				GCC_WARN_UNINITIALIZED_AUTOS = YES_AGGRESSIVE;
				GCC_WARN_UNUSED_FUNCTION = YES;
				GCC_WARN_UNUSED_VARIABLE = YES;
				IPHONEOS_DEPLOYMENT_TARGET = 15.5;
				MTL_ENABLE_DEBUG_INFO = INCLUDE_SOURCE;
				MTL_FAST_MATH = YES;
				ONLY_ACTIVE_ARCH = YES;
				SDKROOT = iphoneos;
				SWIFT_ACTIVE_COMPILATION_CONDITIONS = DEBUG;
				SWIFT_OPTIMIZATION_LEVEL = "-Onone";
			};
			name = Debug;
		};
		E1EA9E7E28AA403300FF8A1F /* Release */ = {
			isa = XCBuildConfiguration;
			buildSettings = {
				ALWAYS_SEARCH_USER_PATHS = NO;
				CLANG_ANALYZER_NONNULL = YES;
				CLANG_ANALYZER_NUMBER_OBJECT_CONVERSION = YES_AGGRESSIVE;
				CLANG_CXX_LANGUAGE_STANDARD = "gnu++17";
				CLANG_ENABLE_MODULES = YES;
				CLANG_ENABLE_OBJC_ARC = YES;
				CLANG_ENABLE_OBJC_WEAK = YES;
				CLANG_WARN_BLOCK_CAPTURE_AUTORELEASING = YES;
				CLANG_WARN_BOOL_CONVERSION = YES;
				CLANG_WARN_COMMA = YES;
				CLANG_WARN_CONSTANT_CONVERSION = YES;
				CLANG_WARN_DEPRECATED_OBJC_IMPLEMENTATIONS = YES;
				CLANG_WARN_DIRECT_OBJC_ISA_USAGE = YES_ERROR;
				CLANG_WARN_DOCUMENTATION_COMMENTS = YES;
				CLANG_WARN_EMPTY_BODY = YES;
				CLANG_WARN_ENUM_CONVERSION = YES;
				CLANG_WARN_INFINITE_RECURSION = YES;
				CLANG_WARN_INT_CONVERSION = YES;
				CLANG_WARN_NON_LITERAL_NULL_CONVERSION = YES;
				CLANG_WARN_OBJC_IMPLICIT_RETAIN_SELF = YES;
				CLANG_WARN_OBJC_LITERAL_CONVERSION = YES;
				CLANG_WARN_OBJC_ROOT_CLASS = YES_ERROR;
				CLANG_WARN_QUOTED_INCLUDE_IN_FRAMEWORK_HEADER = YES;
				CLANG_WARN_RANGE_LOOP_ANALYSIS = YES;
				CLANG_WARN_STRICT_PROTOTYPES = YES;
				CLANG_WARN_SUSPICIOUS_MOVE = YES;
				CLANG_WARN_UNGUARDED_AVAILABILITY = YES_AGGRESSIVE;
				CLANG_WARN_UNREACHABLE_CODE = YES;
				CLANG_WARN__DUPLICATE_METHOD_MATCH = YES;
				COPY_PHASE_STRIP = NO;
				DEBUG_INFORMATION_FORMAT = "dwarf-with-dsym";
				ENABLE_NS_ASSERTIONS = NO;
				ENABLE_STRICT_OBJC_MSGSEND = YES;
				GCC_C_LANGUAGE_STANDARD = gnu11;
				GCC_NO_COMMON_BLOCKS = YES;
				GCC_WARN_64_TO_32_BIT_CONVERSION = YES;
				GCC_WARN_ABOUT_RETURN_TYPE = YES_ERROR;
				GCC_WARN_UNDECLARED_SELECTOR = YES;
				GCC_WARN_UNINITIALIZED_AUTOS = YES_AGGRESSIVE;
				GCC_WARN_UNUSED_FUNCTION = YES;
				GCC_WARN_UNUSED_VARIABLE = YES;
				IPHONEOS_DEPLOYMENT_TARGET = 15.5;
				MTL_ENABLE_DEBUG_INFO = NO;
				MTL_FAST_MATH = YES;
				SDKROOT = iphoneos;
				SWIFT_COMPILATION_MODE = wholemodule;
				SWIFT_OPTIMIZATION_LEVEL = "-O";
				VALIDATE_PRODUCT = YES;
			};
			name = Release;
		};
		E1EA9E8028AA403300FF8A1F /* Debug */ = {
			isa = XCBuildConfiguration;
			buildSettings = {
				ASSETCATALOG_COMPILER_APPICON_NAME = AppIcon;
				ASSETCATALOG_COMPILER_GLOBAL_ACCENT_COLOR_NAME = AccentColor;
				CODE_SIGN_STYLE = Automatic;
				CURRENT_PROJECT_VERSION = 1;
				DEVELOPMENT_TEAM = 5MHUF29PV8;
				GENERATE_INFOPLIST_FILE = YES;
				INFOPLIST_FILE = OPenWeatherMap/Info.plist;
				INFOPLIST_KEY_UIApplicationSupportsIndirectInputEvents = YES;
				INFOPLIST_KEY_UILaunchStoryboardName = LaunchScreen;
				INFOPLIST_KEY_UIMainStoryboardFile = Main;
				INFOPLIST_KEY_UISupportedInterfaceOrientations_iPad = "UIInterfaceOrientationPortrait UIInterfaceOrientationPortraitUpsideDown UIInterfaceOrientationLandscapeLeft UIInterfaceOrientationLandscapeRight";
				INFOPLIST_KEY_UISupportedInterfaceOrientations_iPhone = "UIInterfaceOrientationPortrait UIInterfaceOrientationLandscapeLeft UIInterfaceOrientationLandscapeRight";
				LD_RUNPATH_SEARCH_PATHS = (
					"$(inherited)",
					"@executable_path/Frameworks",
				);
				MARKETING_VERSION = 1.0;
				PRODUCT_BUNDLE_IDENTIFIER = com.sesac.OPenWeatherMap;
				PRODUCT_NAME = "$(TARGET_NAME)";
				SWIFT_EMIT_LOC_STRINGS = YES;
				SWIFT_VERSION = 5.0;
				TARGETED_DEVICE_FAMILY = 1;
			};
			name = Debug;
		};
		E1EA9E8128AA403300FF8A1F /* Release */ = {
			isa = XCBuildConfiguration;
			buildSettings = {
				ASSETCATALOG_COMPILER_APPICON_NAME = AppIcon;
				ASSETCATALOG_COMPILER_GLOBAL_ACCENT_COLOR_NAME = AccentColor;
				CODE_SIGN_STYLE = Automatic;
				CURRENT_PROJECT_VERSION = 1;
				DEVELOPMENT_TEAM = 5MHUF29PV8;
				GENERATE_INFOPLIST_FILE = YES;
				INFOPLIST_FILE = OPenWeatherMap/Info.plist;
				INFOPLIST_KEY_UIApplicationSupportsIndirectInputEvents = YES;
				INFOPLIST_KEY_UILaunchStoryboardName = LaunchScreen;
				INFOPLIST_KEY_UIMainStoryboardFile = Main;
				INFOPLIST_KEY_UISupportedInterfaceOrientations_iPad = "UIInterfaceOrientationPortrait UIInterfaceOrientationPortraitUpsideDown UIInterfaceOrientationLandscapeLeft UIInterfaceOrientationLandscapeRight";
				INFOPLIST_KEY_UISupportedInterfaceOrientations_iPhone = "UIInterfaceOrientationPortrait UIInterfaceOrientationLandscapeLeft UIInterfaceOrientationLandscapeRight";
				LD_RUNPATH_SEARCH_PATHS = (
					"$(inherited)",
					"@executable_path/Frameworks",
				);
				MARKETING_VERSION = 1.0;
				PRODUCT_BUNDLE_IDENTIFIER = com.sesac.OPenWeatherMap;
				PRODUCT_NAME = "$(TARGET_NAME)";
				SWIFT_EMIT_LOC_STRINGS = YES;
				SWIFT_VERSION = 5.0;
				TARGETED_DEVICE_FAMILY = 1;
			};
			name = Release;
		};
/* End XCBuildConfiguration section */

/* Begin XCConfigurationList section */
		E1EA9E6628AA403200FF8A1F /* Build configuration list for PBXProject "OPenWeatherMap" */ = {
			isa = XCConfigurationList;
			buildConfigurations = (
				E1EA9E7D28AA403300FF8A1F /* Debug */,
				E1EA9E7E28AA403300FF8A1F /* Release */,
			);
			defaultConfigurationIsVisible = 0;
			defaultConfigurationName = Release;
		};
		E1EA9E7F28AA403300FF8A1F /* Build configuration list for PBXNativeTarget "OPenWeatherMap" */ = {
			isa = XCConfigurationList;
			buildConfigurations = (
				E1EA9E8028AA403300FF8A1F /* Debug */,
				E1EA9E8128AA403300FF8A1F /* Release */,
			);
			defaultConfigurationIsVisible = 0;
			defaultConfigurationName = Release;
		};
/* End XCConfigurationList section */

/* Begin XCRemoteSwiftPackageReference section */
		E1EA9E8828AA42B600FF8A1F /* XCRemoteSwiftPackageReference "SwiftyJSON" */ = {
			isa = XCRemoteSwiftPackageReference;
			repositoryURL = "https://github.com/SwiftyJSON/SwiftyJSON.git";
			requirement = {
				kind = upToNextMajorVersion;
				minimumVersion = 5.0.0;
			};
		};
		E1EA9E8B28AA42C800FF8A1F /* XCRemoteSwiftPackageReference "Alamofire" */ = {
			isa = XCRemoteSwiftPackageReference;
			repositoryURL = "https://github.com/Alamofire/Alamofire.git";
			requirement = {
				kind = upToNextMajorVersion;
				minimumVersion = 5.0.0;
			};
		};
		E1EA9E8E28AA42D600FF8A1F /* XCRemoteSwiftPackageReference "Kingfisher" */ = {
			isa = XCRemoteSwiftPackageReference;
			repositoryURL = "https://github.com/onevcat/Kingfisher.git";
			requirement = {
				kind = upToNextMajorVersion;
				minimumVersion = 7.0.0;
			};
		};
/* End XCRemoteSwiftPackageReference section */

/* Begin XCSwiftPackageProductDependency section */
		E1EA9E8928AA42B600FF8A1F /* SwiftyJSON */ = {
			isa = XCSwiftPackageProductDependency;
			package = E1EA9E8828AA42B600FF8A1F /* XCRemoteSwiftPackageReference "SwiftyJSON" */;
			productName = SwiftyJSON;
		};
		E1EA9E8C28AA42C800FF8A1F /* Alamofire */ = {
			isa = XCSwiftPackageProductDependency;
			package = E1EA9E8B28AA42C800FF8A1F /* XCRemoteSwiftPackageReference "Alamofire" */;
			productName = Alamofire;
		};
		E1EA9E8F28AA42D600FF8A1F /* Kingfisher */ = {
			isa = XCSwiftPackageProductDependency;
			package = E1EA9E8E28AA42D600FF8A1F /* XCRemoteSwiftPackageReference "Kingfisher" */;
			productName = Kingfisher;
		};
/* End XCSwiftPackageProductDependency section */
	};
	rootObject = E1EA9E6328AA403200FF8A1F /* Project object */;
}
