// !$*UTF8*$!
{
	archiveVersion = 1;
	classes = {
	};
	objectVersion = 55;
	objects = {

/* Begin PBXBuildFile section */
		E124190828990A4E00FEED65 /* BeerTableViewController.swift in Sources */ = {isa = PBXBuildFile; fileRef = E124190728990A4E00FEED65 /* BeerTableViewController.swift */; };
		E124190A28990DCC00FEED65 /* BeerTableViewCell.swift in Sources */ = {isa = PBXBuildFile; fileRef = E124190928990DCC00FEED65 /* BeerTableViewCell.swift */; };
		E13979AD2898BD340036CD72 /* BoxOfficeModel.swift in Sources */ = {isa = PBXBuildFile; fileRef = E13979AC2898BD340036CD72 /* BoxOfficeModel.swift */; };
		E13B9AC028920CCF00D6001A /* ViewPresentableProtocol.swift in Sources */ = {isa = PBXBuildFile; fileRef = E13B9ABF28920CCF00D6001A /* ViewPresentableProtocol.swift */; };
		E13B9AC22892238300D6001A /* LottoViewController.swift in Sources */ = {isa = PBXBuildFile; fileRef = E13B9AC12892238300D6001A /* LottoViewController.swift */; };
		E13B9AC42892306400D6001A /* TranslateViewController.swift in Sources */ = {isa = PBXBuildFile; fileRef = E13B9AC32892306400D6001A /* TranslateViewController.swift */; };
		E13B9AC728923AA600D6001A /* WebViewController.swift in Sources */ = {isa = PBXBuildFile; fileRef = E13B9AC628923AA600D6001A /* WebViewController.swift */; };
		E1485D1A2890DD7900BE8A71 /* AppDelegate.swift in Sources */ = {isa = PBXBuildFile; fileRef = E1485D192890DD7900BE8A71 /* AppDelegate.swift */; };
		E1485D1C2890DD7900BE8A71 /* SceneDelegate.swift in Sources */ = {isa = PBXBuildFile; fileRef = E1485D1B2890DD7900BE8A71 /* SceneDelegate.swift */; };
		E1485D1E2890DD7900BE8A71 /* ViewController.swift in Sources */ = {isa = PBXBuildFile; fileRef = E1485D1D2890DD7900BE8A71 /* ViewController.swift */; };
		E1485D212890DD7900BE8A71 /* Main.storyboard in Resources */ = {isa = PBXBuildFile; fileRef = E1485D1F2890DD7900BE8A71 /* Main.storyboard */; };
		E1485D232890DD7C00BE8A71 /* Assets.xcassets in Resources */ = {isa = PBXBuildFile; fileRef = E1485D222890DD7C00BE8A71 /* Assets.xcassets */; };
		E1485D262890DD7C00BE8A71 /* LaunchScreen.storyboard in Resources */ = {isa = PBXBuildFile; fileRef = E1485D242890DD7C00BE8A71 /* LaunchScreen.storyboard */; };
		E1485D2E2890E1F400BE8A71 /* SearchViewController.swift in Sources */ = {isa = PBXBuildFile; fileRef = E1485D2D2890E1F400BE8A71 /* SearchViewController.swift */; };
		E1485D3B2890EA6600BE8A71 /* ListTableViewCell.swift in Sources */ = {isa = PBXBuildFile; fileRef = E1485D392890EA6600BE8A71 /* ListTableViewCell.swift */; };
		E1485D3C2890EA6600BE8A71 /* ListTableViewCell.xib in Resources */ = {isa = PBXBuildFile; fileRef = E1485D3A2890EA6600BE8A71 /* ListTableViewCell.xib */; };
		E16596262897A95400418C6D /* BeerViewController.swift in Sources */ = {isa = PBXBuildFile; fileRef = E16596252897A95400418C6D /* BeerViewController.swift */; };
		E16596292897ABB400418C6D /* Kingfisher in Frameworks */ = {isa = PBXBuildFile; productRef = E16596282897ABB400418C6D /* Kingfisher */; };
		E167A009289A4EA200260785 /* ImageCollectionViewCell.swift in Sources */ = {isa = PBXBuildFile; fileRef = E167A008289A4EA200260785 /* ImageCollectionViewCell.swift */; };
		E199C6D028935D4800A4B91E /* LocationViewController.swift in Sources */ = {isa = PBXBuildFile; fileRef = E199C6CF28935D4800A4B91E /* LocationViewController.swift */; };
		E1ABB543289B505F00A7FD65 /* JGProgressHUD in Frameworks */ = {isa = PBXBuildFile; productRef = E1ABB542289B505F00A7FD65 /* JGProgressHUD */; };
		E1AFDF28289A096A00D10A39 /* ImageSearchViewController.swift in Sources */ = {isa = PBXBuildFile; fileRef = E1AFDF27289A096A00D10A39 /* ImageSearchViewController.swift */; };
		E1C0C8C02897528300873CDE /* ReusebleViewProtocol.swift in Sources */ = {isa = PBXBuildFile; fileRef = E1C0C8BF2897528300873CDE /* ReusebleViewProtocol.swift */; };
		E1C0C8C2289757C400873CDE /* Cosntant.swift in Sources */ = {isa = PBXBuildFile; fileRef = E1C0C8C1289757C400873CDE /* Cosntant.swift */; };
		E1C0C8C528975FAE00873CDE /* UserDefalutHelper.swift in Sources */ = {isa = PBXBuildFile; fileRef = E1C0C8C428975FAE00873CDE /* UserDefalutHelper.swift */; };
		E1C0C8C828977CE100873CDE /* Alamofire in Frameworks */ = {isa = PBXBuildFile; productRef = E1C0C8C728977CE100873CDE /* Alamofire */; };
		E1C0C8CB28977CF700873CDE /* SwiftyJSON in Frameworks */ = {isa = PBXBuildFile; productRef = E1C0C8CA28977CF700873CDE /* SwiftyJSON */; };
		E1FFE3A4289CB3FA0094044A /* ImageSearchAPIManager.swift in Sources */ = {isa = PBXBuildFile; fileRef = E1FFE3A3289CB3FA0094044A /* ImageSearchAPIManager.swift */; };
/* End PBXBuildFile section */

/* Begin PBXFileReference section */
		E124190728990A4E00FEED65 /* BeerTableViewController.swift */ = {isa = PBXFileReference; lastKnownFileType = sourcecode.swift; path = BeerTableViewController.swift; sourceTree = "<group>"; };
		E124190928990DCC00FEED65 /* BeerTableViewCell.swift */ = {isa = PBXFileReference; lastKnownFileType = sourcecode.swift; path = BeerTableViewCell.swift; sourceTree = "<group>"; };
		E13979AC2898BD340036CD72 /* BoxOfficeModel.swift */ = {isa = PBXFileReference; lastKnownFileType = sourcecode.swift; path = BoxOfficeModel.swift; sourceTree = "<group>"; };
		E13B9ABF28920CCF00D6001A /* ViewPresentableProtocol.swift */ = {isa = PBXFileReference; lastKnownFileType = sourcecode.swift; path = ViewPresentableProtocol.swift; sourceTree = "<group>"; };
		E13B9AC12892238300D6001A /* LottoViewController.swift */ = {isa = PBXFileReference; lastKnownFileType = sourcecode.swift; path = LottoViewController.swift; sourceTree = "<group>"; };
		E13B9AC32892306400D6001A /* TranslateViewController.swift */ = {isa = PBXFileReference; lastKnownFileType = sourcecode.swift; path = TranslateViewController.swift; sourceTree = "<group>"; };
		E13B9AC628923AA600D6001A /* WebViewController.swift */ = {isa = PBXFileReference; lastKnownFileType = sourcecode.swift; path = WebViewController.swift; sourceTree = "<group>"; };
		E1485D162890DD7900BE8A71 /* NetworkBasic.app */ = {isa = PBXFileReference; explicitFileType = wrapper.application; includeInIndex = 0; path = NetworkBasic.app; sourceTree = BUILT_PRODUCTS_DIR; };
		E1485D192890DD7900BE8A71 /* AppDelegate.swift */ = {isa = PBXFileReference; lastKnownFileType = sourcecode.swift; path = AppDelegate.swift; sourceTree = "<group>"; };
		E1485D1B2890DD7900BE8A71 /* SceneDelegate.swift */ = {isa = PBXFileReference; lastKnownFileType = sourcecode.swift; path = SceneDelegate.swift; sourceTree = "<group>"; };
		E1485D1D2890DD7900BE8A71 /* ViewController.swift */ = {isa = PBXFileReference; lastKnownFileType = sourcecode.swift; path = ViewController.swift; sourceTree = "<group>"; };
		E1485D202890DD7900BE8A71 /* Base */ = {isa = PBXFileReference; lastKnownFileType = file.storyboard; name = Base; path = Base.lproj/Main.storyboard; sourceTree = "<group>"; };
		E1485D222890DD7C00BE8A71 /* Assets.xcassets */ = {isa = PBXFileReference; lastKnownFileType = folder.assetcatalog; path = Assets.xcassets; sourceTree = "<group>"; };
		E1485D252890DD7C00BE8A71 /* Base */ = {isa = PBXFileReference; lastKnownFileType = file.storyboard; name = Base; path = Base.lproj/LaunchScreen.storyboard; sourceTree = "<group>"; };
		E1485D272890DD7C00BE8A71 /* Info.plist */ = {isa = PBXFileReference; lastKnownFileType = text.plist.xml; path = Info.plist; sourceTree = "<group>"; };
		E1485D2D2890E1F400BE8A71 /* SearchViewController.swift */ = {isa = PBXFileReference; lastKnownFileType = sourcecode.swift; path = SearchViewController.swift; sourceTree = "<group>"; };
		E1485D392890EA6600BE8A71 /* ListTableViewCell.swift */ = {isa = PBXFileReference; lastKnownFileType = sourcecode.swift; path = ListTableViewCell.swift; sourceTree = "<group>"; };
		E1485D3A2890EA6600BE8A71 /* ListTableViewCell.xib */ = {isa = PBXFileReference; lastKnownFileType = file.xib; path = ListTableViewCell.xib; sourceTree = "<group>"; };
		E16596252897A95400418C6D /* BeerViewController.swift */ = {isa = PBXFileReference; lastKnownFileType = sourcecode.swift; path = BeerViewController.swift; sourceTree = "<group>"; };
		E167A008289A4EA200260785 /* ImageCollectionViewCell.swift */ = {isa = PBXFileReference; lastKnownFileType = sourcecode.swift; path = ImageCollectionViewCell.swift; sourceTree = "<group>"; };
		E199C6CF28935D4800A4B91E /* LocationViewController.swift */ = {isa = PBXFileReference; lastKnownFileType = sourcecode.swift; path = LocationViewController.swift; sourceTree = "<group>"; };
		E199C6D5289388D700A4B91E /* BinggraeSamanco-Bold.otf */ = {isa = PBXFileReference; lastKnownFileType = file; path = "BinggraeSamanco-Bold.otf"; sourceTree = "<group>"; };
		E1AFDF27289A096A00D10A39 /* ImageSearchViewController.swift */ = {isa = PBXFileReference; lastKnownFileType = sourcecode.swift; path = ImageSearchViewController.swift; sourceTree = "<group>"; };
		E1C0C8BF2897528300873CDE /* ReusebleViewProtocol.swift */ = {isa = PBXFileReference; lastKnownFileType = sourcecode.swift; path = ReusebleViewProtocol.swift; sourceTree = "<group>"; };
		E1C0C8C1289757C400873CDE /* Cosntant.swift */ = {isa = PBXFileReference; lastKnownFileType = sourcecode.swift; path = Cosntant.swift; sourceTree = "<group>"; };
		E1C0C8C428975FAE00873CDE /* UserDefalutHelper.swift */ = {isa = PBXFileReference; lastKnownFileType = sourcecode.swift; path = UserDefalutHelper.swift; sourceTree = "<group>"; };
		E1FFE3A3289CB3FA0094044A /* ImageSearchAPIManager.swift */ = {isa = PBXFileReference; lastKnownFileType = sourcecode.swift; path = ImageSearchAPIManager.swift; sourceTree = "<group>"; };
/* End PBXFileReference section */

/* Begin PBXFrameworksBuildPhase section */
		E1485D132890DD7900BE8A71 /* Frameworks */ = {
			isa = PBXFrameworksBuildPhase;
			buildActionMask = 2147483647;
			files = (
				E1ABB543289B505F00A7FD65 /* JGProgressHUD in Frameworks */,
				E16596292897ABB400418C6D /* Kingfisher in Frameworks */,
				E1C0C8CB28977CF700873CDE /* SwiftyJSON in Frameworks */,
				E1C0C8C828977CE100873CDE /* Alamofire in Frameworks */,
			);
			runOnlyForDeploymentPostprocessing = 0;
		};
/* End PBXFrameworksBuildPhase section */

/* Begin PBXGroup section */
		E13B9ABE28920CAB00D6001A /* protocol */ = {
			isa = PBXGroup;
			children = (
				E13B9ABF28920CCF00D6001A /* ViewPresentableProtocol.swift */,
				E1C0C8BF2897528300873CDE /* ReusebleViewProtocol.swift */,
			);
			path = protocol;
			sourceTree = "<group>";
		};
		E13B9AC928923DE600D6001A /* web */ = {
			isa = PBXGroup;
			children = (
				E13B9AC628923AA600D6001A /* WebViewController.swift */,
			);
			path = web;
			sourceTree = "<group>";
		};
		E13B9ACA28923E0000D6001A /* lotto */ = {
			isa = PBXGroup;
			children = (
				E13B9AC12892238300D6001A /* LottoViewController.swift */,
			);
			path = lotto;
			sourceTree = "<group>";
		};
		E13B9ACB28923E1000D6001A /* translate */ = {
			isa = PBXGroup;
			children = (
				E13B9AC32892306400D6001A /* TranslateViewController.swift */,
			);
			path = translate;
			sourceTree = "<group>";
		};
		E1485D0D2890DD7900BE8A71 = {
			isa = PBXGroup;
			children = (
				E1485D182890DD7900BE8A71 /* NetworkBasic */,
				E1485D172890DD7900BE8A71 /* Products */,
			);
			sourceTree = "<group>";
		};
		E1485D172890DD7900BE8A71 /* Products */ = {
			isa = PBXGroup;
			children = (
				E1485D162890DD7900BE8A71 /* NetworkBasic.app */,
			);
			name = Products;
			sourceTree = "<group>";
		};
		E1485D182890DD7900BE8A71 /* NetworkBasic */ = {
			isa = PBXGroup;
			children = (
				E1485D272890DD7C00BE8A71 /* Info.plist */,
				E1C0C8C328975C3A00873CDE /* Cosntant */,
				E199C6D42893879B00A4B91E /* Resource */,
				E13B9ABE28920CAB00D6001A /* protocol */,
				E1485D322890E4A700BE8A71 /* basic */,
			);
			path = NetworkBasic;
			sourceTree = "<group>";
		};
		E1485D312890E49C00BE8A71 /* Search */ = {
			isa = PBXGroup;
			children = (
				E13979AC2898BD340036CD72 /* BoxOfficeModel.swift */,
				E1485D2D2890E1F400BE8A71 /* SearchViewController.swift */,
				E1485D392890EA6600BE8A71 /* ListTableViewCell.swift */,
				E1AFDF27289A096A00D10A39 /* ImageSearchViewController.swift */,
				E1FFE3A3289CB3FA0094044A /* ImageSearchAPIManager.swift */,
				E167A008289A4EA200260785 /* ImageCollectionViewCell.swift */,
				E1485D3A2890EA6600BE8A71 /* ListTableViewCell.xib */,
			);
			path = Search;
			sourceTree = "<group>";
		};
		E1485D322890E4A700BE8A71 /* basic */ = {
			isa = PBXGroup;
			children = (
				E1485D312890E49C00BE8A71 /* Search */,
				E1485D1B2890DD7900BE8A71 /* SceneDelegate.swift */,
				E1485D192890DD7900BE8A71 /* AppDelegate.swift */,
				E1485D1D2890DD7900BE8A71 /* ViewController.swift */,
				E1485D1F2890DD7900BE8A71 /* Main.storyboard */,
				E165962428979D3700418C6D /* Beer */,
				E199C6D128935D5200A4B91E /* Location */,
				E13B9ACB28923E1000D6001A /* translate */,
				E13B9ACA28923E0000D6001A /* lotto */,
				E13B9AC928923DE600D6001A /* web */,
				E1485D222890DD7C00BE8A71 /* Assets.xcassets */,
				E1485D242890DD7C00BE8A71 /* LaunchScreen.storyboard */,
			);
			path = basic;
			sourceTree = "<group>";
		};
		E165962428979D3700418C6D /* Beer */ = {
			isa = PBXGroup;
			children = (
				E124190728990A4E00FEED65 /* BeerTableViewController.swift */,
				E124190928990DCC00FEED65 /* BeerTableViewCell.swift */,
				E16596252897A95400418C6D /* BeerViewController.swift */,
			);
			path = Beer;
			sourceTree = "<group>";
		};
		E199C6D128935D5200A4B91E /* Location */ = {
			isa = PBXGroup;
			children = (
				E199C6CF28935D4800A4B91E /* LocationViewController.swift */,
			);
			path = Location;
			sourceTree = "<group>";
		};
		E199C6D42893879B00A4B91E /* Resource */ = {
			isa = PBXGroup;
			children = (
				E199C6D5289388D700A4B91E /* BinggraeSamanco-Bold.otf */,
			);
			path = Resource;
			sourceTree = "<group>";
		};
		E1C0C8C328975C3A00873CDE /* Cosntant */ = {
			isa = PBXGroup;
			children = (
				E1C0C8C1289757C400873CDE /* Cosntant.swift */,
				E1C0C8C428975FAE00873CDE /* UserDefalutHelper.swift */,
			);
			path = Cosntant;
			sourceTree = "<group>";
		};
/* End PBXGroup section */

/* Begin PBXNativeTarget section */
		E1485D152890DD7900BE8A71 /* NetworkBasic */ = {
			isa = PBXNativeTarget;
			buildConfigurationList = E1485D2A2890DD7C00BE8A71 /* Build configuration list for PBXNativeTarget "NetworkBasic" */;
			buildPhases = (
				E1485D122890DD7900BE8A71 /* Sources */,
				E1485D132890DD7900BE8A71 /* Frameworks */,
				E1485D142890DD7900BE8A71 /* Resources */,
			);
			buildRules = (
			);
			dependencies = (
			);
			name = NetworkBasic;
			packageProductDependencies = (
				E1C0C8C728977CE100873CDE /* Alamofire */,
				E1C0C8CA28977CF700873CDE /* SwiftyJSON */,
				E16596282897ABB400418C6D /* Kingfisher */,
				E1ABB542289B505F00A7FD65 /* JGProgressHUD */,
			);
			productName = NetworkBasic;
			productReference = E1485D162890DD7900BE8A71 /* NetworkBasic.app */;
			productType = "com.apple.product-type.application";
		};
/* End PBXNativeTarget section */

/* Begin PBXProject section */
		E1485D0E2890DD7900BE8A71 /* Project object */ = {
			isa = PBXProject;
			attributes = {
				BuildIndependentTargetsInParallel = 1;
				LastSwiftUpdateCheck = 1340;
				LastUpgradeCheck = 1340;
				TargetAttributes = {
					E1485D152890DD7900BE8A71 = {
						CreatedOnToolsVersion = 13.4.1;
					};
				};
			};
			buildConfigurationList = E1485D112890DD7900BE8A71 /* Build configuration list for PBXProject "NetworkBasic" */;
			compatibilityVersion = "Xcode 13.0";
			developmentRegion = en;
			hasScannedForEncodings = 0;
			knownRegions = (
				en,
				Base,
			);
			mainGroup = E1485D0D2890DD7900BE8A71;
			packageReferences = (
				E1C0C8C628977CE100873CDE /* XCRemoteSwiftPackageReference "Alamofire" */,
				E1C0C8C928977CF700873CDE /* XCRemoteSwiftPackageReference "SwiftyJSON" */,
				E16596272897ABB400418C6D /* XCRemoteSwiftPackageReference "Kingfisher" */,
				E1ABB541289B505F00A7FD65 /* XCRemoteSwiftPackageReference "JGProgressHUD" */,
			);
			productRefGroup = E1485D172890DD7900BE8A71 /* Products */;
			projectDirPath = "";
			projectRoot = "";
			targets = (
				E1485D152890DD7900BE8A71 /* NetworkBasic */,
			);
		};
/* End PBXProject section */

/* Begin PBXResourcesBuildPhase section */
		E1485D142890DD7900BE8A71 /* Resources */ = {
			isa = PBXResourcesBuildPhase;
			buildActionMask = 2147483647;
			files = (
				E1485D262890DD7C00BE8A71 /* LaunchScreen.storyboard in Resources */,
				E1485D232890DD7C00BE8A71 /* Assets.xcassets in Resources */,
				E1485D212890DD7900BE8A71 /* Main.storyboard in Resources */,
				E1485D3C2890EA6600BE8A71 /* ListTableViewCell.xib in Resources */,
			);
			runOnlyForDeploymentPostprocessing = 0;
		};
/* End PBXResourcesBuildPhase section */

/* Begin PBXSourcesBuildPhase section */
		E1485D122890DD7900BE8A71 /* Sources */ = {
			isa = PBXSourcesBuildPhase;
			buildActionMask = 2147483647;
			files = (
				E1485D1E2890DD7900BE8A71 /* ViewController.swift in Sources */,
				E13B9AC728923AA600D6001A /* WebViewController.swift in Sources */,
				E16596262897A95400418C6D /* BeerViewController.swift in Sources */,
				E13979AD2898BD340036CD72 /* BoxOfficeModel.swift in Sources */,
				E1485D1A2890DD7900BE8A71 /* AppDelegate.swift in Sources */,
				E1485D2E2890E1F400BE8A71 /* SearchViewController.swift in Sources */,
				E13B9AC22892238300D6001A /* LottoViewController.swift in Sources */,
				E1C0C8C528975FAE00873CDE /* UserDefalutHelper.swift in Sources */,
				E1AFDF28289A096A00D10A39 /* ImageSearchViewController.swift in Sources */,
				E199C6D028935D4800A4B91E /* LocationViewController.swift in Sources */,
				E1485D1C2890DD7900BE8A71 /* SceneDelegate.swift in Sources */,
				E1C0C8C2289757C400873CDE /* Cosntant.swift in Sources */,
				E1FFE3A4289CB3FA0094044A /* ImageSearchAPIManager.swift in Sources */,
				E13B9AC42892306400D6001A /* TranslateViewController.swift in Sources */,
				E1C0C8C02897528300873CDE /* ReusebleViewProtocol.swift in Sources */,
				E124190828990A4E00FEED65 /* BeerTableViewController.swift in Sources */,
				E124190A28990DCC00FEED65 /* BeerTableViewCell.swift in Sources */,
				E13B9AC028920CCF00D6001A /* ViewPresentableProtocol.swift in Sources */,
				E1485D3B2890EA6600BE8A71 /* ListTableViewCell.swift in Sources */,
				E167A009289A4EA200260785 /* ImageCollectionViewCell.swift in Sources */,
			);
			runOnlyForDeploymentPostprocessing = 0;
		};
/* End PBXSourcesBuildPhase section */

/* Begin PBXVariantGroup section */
		E1485D1F2890DD7900BE8A71 /* Main.storyboard */ = {
			isa = PBXVariantGroup;
			children = (
				E1485D202890DD7900BE8A71 /* Base */,
			);
			name = Main.storyboard;
			sourceTree = "<group>";
		};
		E1485D242890DD7C00BE8A71 /* LaunchScreen.storyboard */ = {
			isa = PBXVariantGroup;
			children = (
				E1485D252890DD7C00BE8A71 /* Base */,
			);
			name = LaunchScreen.storyboard;
			sourceTree = "<group>";
		};
/* End PBXVariantGroup section */

/* Begin XCBuildConfiguration section */
		E1485D282890DD7C00BE8A71 /* Debug */ = {
			isa = XCBuildConfiguration;
			buildSettings = {
				ALWAYS_SEARCH_USER_PATHS = NO;
				CLANG_ANALYZER_NONNULL = YES;
				CLANG_ANALYZER_NUMBER_OBJECT_CONVERSION = YES_AGGRESSIVE;
				CLANG_CXX_LANGUAGE_STANDARD = "gnu++17";
				CLANG_ENABLE_MODULES = YES;
				CLANG_ENABLE_OBJC_ARC = YES;
				CLANG_ENABLE_OBJC_WEAK = YES;
				CLANG_WARN_BLOCK_CAPTURE_AUTORELEASING = YES;
				CLANG_WARN_BOOL_CONVERSION = YES;
				CLANG_WARN_COMMA = YES;
				CLANG_WARN_CONSTANT_CONVERSION = YES;
				CLANG_WARN_DEPRECATED_OBJC_IMPLEMENTATIONS = YES;
				CLANG_WARN_DIRECT_OBJC_ISA_USAGE = YES_ERROR;
				CLANG_WARN_DOCUMENTATION_COMMENTS = YES;
				CLANG_WARN_EMPTY_BODY = YES;
				CLANG_WARN_ENUM_CONVERSION = YES;
				CLANG_WARN_INFINITE_RECURSION = YES;
				CLANG_WARN_INT_CONVERSION = YES;
				CLANG_WARN_NON_LITERAL_NULL_CONVERSION = YES;
				CLANG_WARN_OBJC_IMPLICIT_RETAIN_SELF = YES;
				CLANG_WARN_OBJC_LITERAL_CONVERSION = YES;
				CLANG_WARN_OBJC_ROOT_CLASS = YES_ERROR;
				CLANG_WARN_QUOTED_INCLUDE_IN_FRAMEWORK_HEADER = YES;
				CLANG_WARN_RANGE_LOOP_ANALYSIS = YES;
				CLANG_WARN_STRICT_PROTOTYPES = YES;
				CLANG_WARN_SUSPICIOUS_MOVE = YES;
				CLANG_WARN_UNGUARDED_AVAILABILITY = YES_AGGRESSIVE;
				CLANG_WARN_UNREACHABLE_CODE = YES;
				CLANG_WARN__DUPLICATE_METHOD_MATCH = YES;
				COPY_PHASE_STRIP = NO;
				DEBUG_INFORMATION_FORMAT = dwarf;
				ENABLE_STRICT_OBJC_MSGSEND = YES;
				ENABLE_TESTABILITY = YES;
				GCC_C_LANGUAGE_STANDARD = gnu11;
				GCC_DYNAMIC_NO_PIC = NO;
				GCC_NO_COMMON_BLOCKS = YES;
				GCC_OPTIMIZATION_LEVEL = 0;
				GCC_PREPROCESSOR_DEFINITIONS = (
					"DEBUG=1",
					"$(inherited)",
				);
				GCC_WARN_64_TO_32_BIT_CONVERSION = YES;
				GCC_WARN_ABOUT_RETURN_TYPE = YES_ERROR;
				GCC_WARN_UNDECLARED_SELECTOR = YES;
				GCC_WARN_UNINITIALIZED_AUTOS = YES_AGGRESSIVE;
				GCC_WARN_UNUSED_FUNCTION = YES;
				GCC_WARN_UNUSED_VARIABLE = YES;
				IPHONEOS_DEPLOYMENT_TARGET = 15.5;
				MTL_ENABLE_DEBUG_INFO = INCLUDE_SOURCE;
				MTL_FAST_MATH = YES;
				ONLY_ACTIVE_ARCH = YES;
				SDKROOT = iphoneos;
				SWIFT_ACTIVE_COMPILATION_CONDITIONS = DEBUG;
				SWIFT_OPTIMIZATION_LEVEL = "-Onone";
			};
			name = Debug;
		};
		E1485D292890DD7C00BE8A71 /* Release */ = {
			isa = XCBuildConfiguration;
			buildSettings = {
				ALWAYS_SEARCH_USER_PATHS = NO;
				CLANG_ANALYZER_NONNULL = YES;
				CLANG_ANALYZER_NUMBER_OBJECT_CONVERSION = YES_AGGRESSIVE;
				CLANG_CXX_LANGUAGE_STANDARD = "gnu++17";
				CLANG_ENABLE_MODULES = YES;
				CLANG_ENABLE_OBJC_ARC = YES;
				CLANG_ENABLE_OBJC_WEAK = YES;
				CLANG_WARN_BLOCK_CAPTURE_AUTORELEASING = YES;
				CLANG_WARN_BOOL_CONVERSION = YES;
				CLANG_WARN_COMMA = YES;
				CLANG_WARN_CONSTANT_CONVERSION = YES;
				CLANG_WARN_DEPRECATED_OBJC_IMPLEMENTATIONS = YES;
				CLANG_WARN_DIRECT_OBJC_ISA_USAGE = YES_ERROR;
				CLANG_WARN_DOCUMENTATION_COMMENTS = YES;
				CLANG_WARN_EMPTY_BODY = YES;
				CLANG_WARN_ENUM_CONVERSION = YES;
				CLANG_WARN_INFINITE_RECURSION = YES;
				CLANG_WARN_INT_CONVERSION = YES;
				CLANG_WARN_NON_LITERAL_NULL_CONVERSION = YES;
				CLANG_WARN_OBJC_IMPLICIT_RETAIN_SELF = YES;
				CLANG_WARN_OBJC_LITERAL_CONVERSION = YES;
				CLANG_WARN_OBJC_ROOT_CLASS = YES_ERROR;
				CLANG_WARN_QUOTED_INCLUDE_IN_FRAMEWORK_HEADER = YES;
				CLANG_WARN_RANGE_LOOP_ANALYSIS = YES;
				CLANG_WARN_STRICT_PROTOTYPES = YES;
				CLANG_WARN_SUSPICIOUS_MOVE = YES;
				CLANG_WARN_UNGUARDED_AVAILABILITY = YES_AGGRESSIVE;
				CLANG_WARN_UNREACHABLE_CODE = YES;
				CLANG_WARN__DUPLICATE_METHOD_MATCH = YES;
				COPY_PHASE_STRIP = NO;
				DEBUG_INFORMATION_FORMAT = "dwarf-with-dsym";
				ENABLE_NS_ASSERTIONS = NO;
				ENABLE_STRICT_OBJC_MSGSEND = YES;
				GCC_C_LANGUAGE_STANDARD = gnu11;
				GCC_NO_COMMON_BLOCKS = YES;
				GCC_WARN_64_TO_32_BIT_CONVERSION = YES;
				GCC_WARN_ABOUT_RETURN_TYPE = YES_ERROR;
				GCC_WARN_UNDECLARED_SELECTOR = YES;
				GCC_WARN_UNINITIALIZED_AUTOS = YES_AGGRESSIVE;
				GCC_WARN_UNUSED_FUNCTION = YES;
				GCC_WARN_UNUSED_VARIABLE = YES;
				IPHONEOS_DEPLOYMENT_TARGET = 15.5;
				MTL_ENABLE_DEBUG_INFO = NO;
				MTL_FAST_MATH = YES;
				SDKROOT = iphoneos;
				SWIFT_COMPILATION_MODE = wholemodule;
				SWIFT_OPTIMIZATION_LEVEL = "-O";
				VALIDATE_PRODUCT = YES;
			};
			name = Release;
		};
		E1485D2B2890DD7C00BE8A71 /* Debug */ = {
			isa = XCBuildConfiguration;
			buildSettings = {
				ASSETCATALOG_COMPILER_APPICON_NAME = AppIcon;
				ASSETCATALOG_COMPILER_GLOBAL_ACCENT_COLOR_NAME = AccentColor;
				CODE_SIGN_STYLE = Automatic;
				CURRENT_PROJECT_VERSION = 1;
				DEVELOPMENT_TEAM = 5MHUF29PV8;
				GENERATE_INFOPLIST_FILE = YES;
				INFOPLIST_FILE = NetworkBasic/Info.plist;
				INFOPLIST_KEY_UIApplicationSupportsIndirectInputEvents = YES;
				INFOPLIST_KEY_UILaunchStoryboardName = LaunchScreen;
				INFOPLIST_KEY_UIMainStoryboardFile = Main;
				INFOPLIST_KEY_UISupportedInterfaceOrientations_iPad = "UIInterfaceOrientationPortrait UIInterfaceOrientationPortraitUpsideDown UIInterfaceOrientationLandscapeLeft UIInterfaceOrientationLandscapeRight";
				INFOPLIST_KEY_UISupportedInterfaceOrientations_iPhone = "UIInterfaceOrientationPortrait UIInterfaceOrientationLandscapeLeft UIInterfaceOrientationLandscapeRight";
				LD_RUNPATH_SEARCH_PATHS = (
					"$(inherited)",
					"@executable_path/Frameworks",
				);
				MARKETING_VERSION = 1.0;
				PRODUCT_BUNDLE_IDENTIFIER = com.sesac.NetworkBasic;
				PRODUCT_NAME = "$(TARGET_NAME)";
				SWIFT_EMIT_LOC_STRINGS = YES;
				SWIFT_VERSION = 5.0;
				TARGETED_DEVICE_FAMILY = 1;
			};
			name = Debug;
		};
		E1485D2C2890DD7C00BE8A71 /* Release */ = {
			isa = XCBuildConfiguration;
			buildSettings = {
				ASSETCATALOG_COMPILER_APPICON_NAME = AppIcon;
				ASSETCATALOG_COMPILER_GLOBAL_ACCENT_COLOR_NAME = AccentColor;
				CODE_SIGN_STYLE = Automatic;
				CURRENT_PROJECT_VERSION = 1;
				DEVELOPMENT_TEAM = 5MHUF29PV8;
				GENERATE_INFOPLIST_FILE = YES;
				INFOPLIST_FILE = NetworkBasic/Info.plist;
				INFOPLIST_KEY_UIApplicationSupportsIndirectInputEvents = YES;
				INFOPLIST_KEY_UILaunchStoryboardName = LaunchScreen;
				INFOPLIST_KEY_UIMainStoryboardFile = Main;
				INFOPLIST_KEY_UISupportedInterfaceOrientations_iPad = "UIInterfaceOrientationPortrait UIInterfaceOrientationPortraitUpsideDown UIInterfaceOrientationLandscapeLeft UIInterfaceOrientationLandscapeRight";
				INFOPLIST_KEY_UISupportedInterfaceOrientations_iPhone = "UIInterfaceOrientationPortrait UIInterfaceOrientationLandscapeLeft UIInterfaceOrientationLandscapeRight";
				LD_RUNPATH_SEARCH_PATHS = (
					"$(inherited)",
					"@executable_path/Frameworks",
				);
				MARKETING_VERSION = 1.0;
				PRODUCT_BUNDLE_IDENTIFIER = com.sesac.NetworkBasic;
				PRODUCT_NAME = "$(TARGET_NAME)";
				SWIFT_EMIT_LOC_STRINGS = YES;
				SWIFT_VERSION = 5.0;
				TARGETED_DEVICE_FAMILY = 1;
			};
			name = Release;
		};
/* End XCBuildConfiguration section */

/* Begin XCConfigurationList section */
		E1485D112890DD7900BE8A71 /* Build configuration list for PBXProject "NetworkBasic" */ = {
			isa = XCConfigurationList;
			buildConfigurations = (
				E1485D282890DD7C00BE8A71 /* Debug */,
				E1485D292890DD7C00BE8A71 /* Release */,
			);
			defaultConfigurationIsVisible = 0;
			defaultConfigurationName = Release;
		};
		E1485D2A2890DD7C00BE8A71 /* Build configuration list for PBXNativeTarget "NetworkBasic" */ = {
			isa = XCConfigurationList;
			buildConfigurations = (
				E1485D2B2890DD7C00BE8A71 /* Debug */,
				E1485D2C2890DD7C00BE8A71 /* Release */,
			);
			defaultConfigurationIsVisible = 0;
			defaultConfigurationName = Release;
		};
/* End XCConfigurationList section */

/* Begin XCRemoteSwiftPackageReference section */
		E16596272897ABB400418C6D /* XCRemoteSwiftPackageReference "Kingfisher" */ = {
			isa = XCRemoteSwiftPackageReference;
			repositoryURL = "https://github.com/onevcat/Kingfisher.git";
			requirement = {
				kind = upToNextMajorVersion;
				minimumVersion = 7.0.0;
			};
		};
		E1ABB541289B505F00A7FD65 /* XCRemoteSwiftPackageReference "JGProgressHUD" */ = {
			isa = XCRemoteSwiftPackageReference;
			repositoryURL = "https://github.com/JonasGessner/JGProgressHUD.git";
			requirement = {
				kind = upToNextMajorVersion;
				minimumVersion = 2.0.0;
			};
		};
		E1C0C8C628977CE100873CDE /* XCRemoteSwiftPackageReference "Alamofire" */ = {
			isa = XCRemoteSwiftPackageReference;
			repositoryURL = "https://github.com/Alamofire/Alamofire.git";
			requirement = {
				kind = upToNextMajorVersion;
				minimumVersion = 5.0.0;
			};
		};
		E1C0C8C928977CF700873CDE /* XCRemoteSwiftPackageReference "SwiftyJSON" */ = {
			isa = XCRemoteSwiftPackageReference;
			repositoryURL = "https://github.com/SwiftyJSON/SwiftyJSON.git";
			requirement = {
				kind = upToNextMajorVersion;
				minimumVersion = 5.0.0;
			};
		};
/* End XCRemoteSwiftPackageReference section */

/* Begin XCSwiftPackageProductDependency section */
		E16596282897ABB400418C6D /* Kingfisher */ = {
			isa = XCSwiftPackageProductDependency;
			package = E16596272897ABB400418C6D /* XCRemoteSwiftPackageReference "Kingfisher" */;
			productName = Kingfisher;
		};
		E1ABB542289B505F00A7FD65 /* JGProgressHUD */ = {
			isa = XCSwiftPackageProductDependency;
			package = E1ABB541289B505F00A7FD65 /* XCRemoteSwiftPackageReference "JGProgressHUD" */;
			productName = JGProgressHUD;
		};
		E1C0C8C728977CE100873CDE /* Alamofire */ = {
			isa = XCSwiftPackageProductDependency;
			package = E1C0C8C628977CE100873CDE /* XCRemoteSwiftPackageReference "Alamofire" */;
			productName = Alamofire;
		};
		E1C0C8CA28977CF700873CDE /* SwiftyJSON */ = {
			isa = XCSwiftPackageProductDependency;
			package = E1C0C8C928977CF700873CDE /* XCRemoteSwiftPackageReference "SwiftyJSON" */;
			productName = SwiftyJSON;
		};
/* End XCSwiftPackageProductDependency section */
	};
	rootObject = E1485D0E2890DD7900BE8A71 /* Project object */;
}
