// !$*UTF8*$!
{
	archiveVersion = 1;
	classes = {
	};
	objectVersion = 55;
	objects = {

/* Begin PBXBuildFile section */
		E113C52D28A3307300F0FB8A /* ReusebleViewProtocol.swift in Sources */ = {isa = PBXBuildFile; fileRef = E113C52C28A3307300F0FB8A /* ReusebleViewProtocol.swift */; };
		E113C53028A343E500F0FB8A /* TMDBAPIManager.swift in Sources */ = {isa = PBXBuildFile; fileRef = E113C52F28A343E500F0FB8A /* TMDBAPIManager.swift */; };
		E135B50D28A6341400D05D8E /* .gitignore in Resources */ = {isa = PBXBuildFile; fileRef = E135B50C28A6341400D05D8E /* .gitignore */; };
		E13713EB28A08FE800A6F5C4 /* AppDelegate.swift in Sources */ = {isa = PBXBuildFile; fileRef = E13713EA28A08FE800A6F5C4 /* AppDelegate.swift */; };
		E13713ED28A08FE800A6F5C4 /* SceneDelegate.swift in Sources */ = {isa = PBXBuildFile; fileRef = E13713EC28A08FE800A6F5C4 /* SceneDelegate.swift */; };
		E13713EF28A08FE800A6F5C4 /* ViewController.swift in Sources */ = {isa = PBXBuildFile; fileRef = E13713EE28A08FE800A6F5C4 /* ViewController.swift */; };
		E13713F228A08FE900A6F5C4 /* Main.storyboard in Resources */ = {isa = PBXBuildFile; fileRef = E13713F028A08FE900A6F5C4 /* Main.storyboard */; };
		E13713F428A08FEA00A6F5C4 /* Assets.xcassets in Resources */ = {isa = PBXBuildFile; fileRef = E13713F328A08FEA00A6F5C4 /* Assets.xcassets */; };
		E13713F728A08FEA00A6F5C4 /* LaunchScreen.storyboard in Resources */ = {isa = PBXBuildFile; fileRef = E13713F528A08FEA00A6F5C4 /* LaunchScreen.storyboard */; };
		E137140028A0904800A6F5C4 /* Alamofire in Frameworks */ = {isa = PBXBuildFile; productRef = E13713FF28A0904800A6F5C4 /* Alamofire */; };
		E137140328A0905700A6F5C4 /* SwiftyJSON in Frameworks */ = {isa = PBXBuildFile; productRef = E137140228A0905700A6F5C4 /* SwiftyJSON */; };
		E137140628A0906200A6F5C4 /* Kingfisher in Frameworks */ = {isa = PBXBuildFile; productRef = E137140528A0906200A6F5C4 /* Kingfisher */; };
		E137140828A0911600A6F5C4 /* APIKey.swift in Sources */ = {isa = PBXBuildFile; fileRef = E137140728A0911600A6F5C4 /* APIKey.swift */; };
		E137140B28A0949B00A6F5C4 /* Endpoint.swift in Sources */ = {isa = PBXBuildFile; fileRef = E137140A28A0949B00A6F5C4 /* Endpoint.swift */; };
		E137140D28A0952600A6F5C4 /* URL+Extension.swift in Sources */ = {isa = PBXBuildFile; fileRef = E137140C28A0952600A6F5C4 /* URL+Extension.swift */; };
		E137140F28A0A79200A6F5C4 /* KakaoAPIManager.swift in Sources */ = {isa = PBXBuildFile; fileRef = E137140E28A0A79200A6F5C4 /* KakaoAPIManager.swift */; };
		E137141128A0ABF700A6F5C4 /* CloserViewController.swift in Sources */ = {isa = PBXBuildFile; fileRef = E137141028A0ABF700A6F5C4 /* CloserViewController.swift */; };
		E182E7E328A5D6C600AE6B10 /* YPImagePicker in Frameworks */ = {isa = PBXBuildFile; productRef = E182E7E228A5D6C600AE6B10 /* YPImagePicker */; };
		E182E7E528A5DD6200AE6B10 /* CameraViewController.swift in Sources */ = {isa = PBXBuildFile; fileRef = E182E7E428A5DD6200AE6B10 /* CameraViewController.swift */; };
		E1B4DF1028A1E03500739392 /* SeSacButton.swift in Sources */ = {isa = PBXBuildFile; fileRef = E1B4DF0F28A1E03500739392 /* SeSacButton.swift */; };
		E1B4DF1228A1E60D00739392 /* cardView.xib in Resources */ = {isa = PBXBuildFile; fileRef = E1B4DF1128A1E60D00739392 /* cardView.xib */; };
		E1B4DF1428A1E62C00739392 /* cardView.swift in Sources */ = {isa = PBXBuildFile; fileRef = E1B4DF1328A1E62C00739392 /* cardView.swift */; };
		E1B4DF1628A1F38100739392 /* cardCollectionViewCell.swift in Sources */ = {isa = PBXBuildFile; fileRef = E1B4DF1528A1F38100739392 /* cardCollectionViewCell.swift */; };
		E1B4DF1828A1F3AC00739392 /* cardCollectionViewCell.xib in Resources */ = {isa = PBXBuildFile; fileRef = E1B4DF1728A1F3AC00739392 /* cardCollectionViewCell.xib */; };
		E1B4DF1C28A1F63A00739392 /* MainViewController.swift in Sources */ = {isa = PBXBuildFile; fileRef = E1B4DF1B28A1F63A00739392 /* MainViewController.swift */; };
		E1B4DF1E28A1FC2400739392 /* MainTableViewCell.swift in Sources */ = {isa = PBXBuildFile; fileRef = E1B4DF1D28A1FC2400739392 /* MainTableViewCell.swift */; };
		E1D541E628A493B00092228D /* MapViewController.swift in Sources */ = {isa = PBXBuildFile; fileRef = E1D541E528A493B00092228D /* MapViewController.swift */; };
/* End PBXBuildFile section */

/* Begin PBXFileReference section */
		E113C52C28A3307300F0FB8A /* ReusebleViewProtocol.swift */ = {isa = PBXFileReference; lastKnownFileType = sourcecode.swift; path = ReusebleViewProtocol.swift; sourceTree = "<group>"; };
		E113C52F28A343E500F0FB8A /* TMDBAPIManager.swift */ = {isa = PBXFileReference; lastKnownFileType = sourcecode.swift; path = TMDBAPIManager.swift; sourceTree = "<group>"; };
		E135B50C28A6341400D05D8E /* .gitignore */ = {isa = PBXFileReference; lastKnownFileType = text; name = .gitignore; path = week6/.gitignore; sourceTree = "<group>"; };
		E13713E728A08FE800A6F5C4 /* week6.app */ = {isa = PBXFileReference; explicitFileType = wrapper.application; includeInIndex = 0; path = week6.app; sourceTree = BUILT_PRODUCTS_DIR; };
		E13713EA28A08FE800A6F5C4 /* AppDelegate.swift */ = {isa = PBXFileReference; lastKnownFileType = sourcecode.swift; path = AppDelegate.swift; sourceTree = "<group>"; };
		E13713EC28A08FE800A6F5C4 /* SceneDelegate.swift */ = {isa = PBXFileReference; lastKnownFileType = sourcecode.swift; path = SceneDelegate.swift; sourceTree = "<group>"; };
		E13713EE28A08FE800A6F5C4 /* ViewController.swift */ = {isa = PBXFileReference; lastKnownFileType = sourcecode.swift; path = ViewController.swift; sourceTree = "<group>"; };
		E13713F128A08FE900A6F5C4 /* Base */ = {isa = PBXFileReference; lastKnownFileType = file.storyboard; name = Base; path = Base.lproj/Main.storyboard; sourceTree = "<group>"; };
		E13713F328A08FEA00A6F5C4 /* Assets.xcassets */ = {isa = PBXFileReference; lastKnownFileType = folder.assetcatalog; path = Assets.xcassets; sourceTree = "<group>"; };
		E13713F628A08FEA00A6F5C4 /* Base */ = {isa = PBXFileReference; lastKnownFileType = file.storyboard; name = Base; path = Base.lproj/LaunchScreen.storyboard; sourceTree = "<group>"; };
		E13713F828A08FEA00A6F5C4 /* Info.plist */ = {isa = PBXFileReference; lastKnownFileType = text.plist.xml; path = Info.plist; sourceTree = "<group>"; };
		E137140728A0911600A6F5C4 /* APIKey.swift */ = {isa = PBXFileReference; lastKnownFileType = sourcecode.swift; path = APIKey.swift; sourceTree = "<group>"; };
		E137140A28A0949B00A6F5C4 /* Endpoint.swift */ = {isa = PBXFileReference; lastKnownFileType = sourcecode.swift; path = Endpoint.swift; sourceTree = "<group>"; };
		E137140C28A0952600A6F5C4 /* URL+Extension.swift */ = {isa = PBXFileReference; lastKnownFileType = sourcecode.swift; path = "URL+Extension.swift"; sourceTree = "<group>"; };
		E137140E28A0A79200A6F5C4 /* KakaoAPIManager.swift */ = {isa = PBXFileReference; lastKnownFileType = sourcecode.swift; path = KakaoAPIManager.swift; sourceTree = "<group>"; };
		E137141028A0ABF700A6F5C4 /* CloserViewController.swift */ = {isa = PBXFileReference; lastKnownFileType = sourcecode.swift; path = CloserViewController.swift; sourceTree = "<group>"; };
		E182E7E428A5DD6200AE6B10 /* CameraViewController.swift */ = {isa = PBXFileReference; lastKnownFileType = sourcecode.swift; path = CameraViewController.swift; sourceTree = "<group>"; };
		E1B4DF0F28A1E03500739392 /* SeSacButton.swift */ = {isa = PBXFileReference; lastKnownFileType = sourcecode.swift; path = SeSacButton.swift; sourceTree = "<group>"; };
		E1B4DF1128A1E60D00739392 /* cardView.xib */ = {isa = PBXFileReference; lastKnownFileType = file.xib; path = cardView.xib; sourceTree = "<group>"; };
		E1B4DF1328A1E62C00739392 /* cardView.swift */ = {isa = PBXFileReference; lastKnownFileType = sourcecode.swift; path = cardView.swift; sourceTree = "<group>"; };
		E1B4DF1528A1F38100739392 /* cardCollectionViewCell.swift */ = {isa = PBXFileReference; lastKnownFileType = sourcecode.swift; name = cardCollectionViewCell.swift; path = week6/View/cardCollectionViewCell.swift; sourceTree = SOURCE_ROOT; };
		E1B4DF1728A1F3AC00739392 /* cardCollectionViewCell.xib */ = {isa = PBXFileReference; lastKnownFileType = file.xib; path = cardCollectionViewCell.xib; sourceTree = "<group>"; };
		E1B4DF1B28A1F63A00739392 /* MainViewController.swift */ = {isa = PBXFileReference; lastKnownFileType = sourcecode.swift; path = MainViewController.swift; sourceTree = "<group>"; };
		E1B4DF1D28A1FC2400739392 /* MainTableViewCell.swift */ = {isa = PBXFileReference; lastKnownFileType = sourcecode.swift; path = MainTableViewCell.swift; sourceTree = "<group>"; };
		E1D541E528A493B00092228D /* MapViewController.swift */ = {isa = PBXFileReference; lastKnownFileType = sourcecode.swift; path = MapViewController.swift; sourceTree = "<group>"; };
/* End PBXFileReference section */

/* Begin PBXFrameworksBuildPhase section */
		E13713E428A08FE800A6F5C4 /* Frameworks */ = {
			isa = PBXFrameworksBuildPhase;
			buildActionMask = 2147483647;
			files = (
				E137140628A0906200A6F5C4 /* Kingfisher in Frameworks */,
				E137140328A0905700A6F5C4 /* SwiftyJSON in Frameworks */,
				E137140028A0904800A6F5C4 /* Alamofire in Frameworks */,
				E182E7E328A5D6C600AE6B10 /* YPImagePicker in Frameworks */,
			);
			runOnlyForDeploymentPostprocessing = 0;
		};
/* End PBXFrameworksBuildPhase section */

/* Begin PBXGroup section */
		E113C52E28A3307C00F0FB8A /* Protorol */ = {
			isa = PBXGroup;
			children = (
				E113C52C28A3307300F0FB8A /* ReusebleViewProtocol.swift */,
			);
			path = Protorol;
			sourceTree = "<group>";
		};
		E13713DE28A08FE800A6F5C4 = {
			isa = PBXGroup;
			children = (
				E135B50C28A6341400D05D8E /* .gitignore */,
				E13713E928A08FE800A6F5C4 /* week6 */,
				E13713E828A08FE800A6F5C4 /* Products */,
			);
			sourceTree = "<group>";
		};
		E13713E828A08FE800A6F5C4 /* Products */ = {
			isa = PBXGroup;
			children = (
				E13713E728A08FE800A6F5C4 /* week6.app */,
			);
			name = Products;
			sourceTree = "<group>";
		};
		E13713E928A08FE800A6F5C4 /* week6 */ = {
			isa = PBXGroup;
			children = (
				E13713F828A08FEA00A6F5C4 /* Info.plist */,
				E137140728A0911600A6F5C4 /* APIKey.swift */,
				E113C52E28A3307C00F0FB8A /* Protorol */,
				E137140928A0948700A6F5C4 /* Network */,
				E1B4DF0D28A1DFE200739392 /* Main */,
				E1B4DF0E28A1DFF800739392 /* View */,
				E137141028A0ABF700A6F5C4 /* CloserViewController.swift */,
			);
			path = week6;
			sourceTree = "<group>";
		};
		E137140928A0948700A6F5C4 /* Network */ = {
			isa = PBXGroup;
			children = (
				E137140A28A0949B00A6F5C4 /* Endpoint.swift */,
				E137140E28A0A79200A6F5C4 /* KakaoAPIManager.swift */,
				E137140C28A0952600A6F5C4 /* URL+Extension.swift */,
			);
			path = Network;
			sourceTree = "<group>";
		};
		E1B4DF0D28A1DFE200739392 /* Main */ = {
			isa = PBXGroup;
			children = (
				E13713EE28A08FE800A6F5C4 /* ViewController.swift */,
				E13713EA28A08FE800A6F5C4 /* AppDelegate.swift */,
				E13713EC28A08FE800A6F5C4 /* SceneDelegate.swift */,
				E13713F328A08FEA00A6F5C4 /* Assets.xcassets */,
				E13713F528A08FEA00A6F5C4 /* LaunchScreen.storyboard */,
			);
			path = Main;
			sourceTree = "<group>";
		};
		E1B4DF0E28A1DFF800739392 /* View */ = {
			isa = PBXGroup;
			children = (
				E113C52F28A343E500F0FB8A /* TMDBAPIManager.swift */,
				E1B4DF1B28A1F63A00739392 /* MainViewController.swift */,
				E1B4DF1D28A1FC2400739392 /* MainTableViewCell.swift */,
				E1B4DF1528A1F38100739392 /* cardCollectionViewCell.swift */,
				E1B4DF1728A1F3AC00739392 /* cardCollectionViewCell.xib */,
				E1B4DF1128A1E60D00739392 /* cardView.xib */,
				E1B4DF1328A1E62C00739392 /* cardView.swift */,
				E13713F028A08FE900A6F5C4 /* Main.storyboard */,
				E182E7E428A5DD6200AE6B10 /* CameraViewController.swift */,
				E1D541E528A493B00092228D /* MapViewController.swift */,
				E1B4DF0F28A1E03500739392 /* SeSacButton.swift */,
			);
			path = View;
			sourceTree = "<group>";
		};
/* End PBXGroup section */

/* Begin PBXNativeTarget section */
		E13713E628A08FE800A6F5C4 /* week6 */ = {
			isa = PBXNativeTarget;
			buildConfigurationList = E13713FB28A08FEA00A6F5C4 /* Build configuration list for PBXNativeTarget "week6" */;
			buildPhases = (
				E13713E328A08FE800A6F5C4 /* Sources */,
				E13713E428A08FE800A6F5C4 /* Frameworks */,
				E13713E528A08FE800A6F5C4 /* Resources */,
			);
			buildRules = (
			);
			dependencies = (
			);
			name = week6;
			packageProductDependencies = (
				E13713FF28A0904800A6F5C4 /* Alamofire */,
				E137140228A0905700A6F5C4 /* SwiftyJSON */,
				E137140528A0906200A6F5C4 /* Kingfisher */,
				E182E7E228A5D6C600AE6B10 /* YPImagePicker */,
			);
			productName = week6;
			productReference = E13713E728A08FE800A6F5C4 /* week6.app */;
			productType = "com.apple.product-type.application";
		};
/* End PBXNativeTarget section */

/* Begin PBXProject section */
		E13713DF28A08FE800A6F5C4 /* Project object */ = {
			isa = PBXProject;
			attributes = {
				BuildIndependentTargetsInParallel = 1;
				LastSwiftUpdateCheck = 1340;
				LastUpgradeCheck = 1340;
				TargetAttributes = {
					E13713E628A08FE800A6F5C4 = {
						CreatedOnToolsVersion = 13.4.1;
					};
				};
			};
			buildConfigurationList = E13713E228A08FE800A6F5C4 /* Build configuration list for PBXProject "week6" */;
			compatibilityVersion = "Xcode 13.0";
			developmentRegion = en;
			hasScannedForEncodings = 0;
			knownRegions = (
				en,
				Base,
			);
			mainGroup = E13713DE28A08FE800A6F5C4;
			packageReferences = (
				E13713FE28A0904800A6F5C4 /* XCRemoteSwiftPackageReference "Alamofire" */,
				E137140128A0905700A6F5C4 /* XCRemoteSwiftPackageReference "SwiftyJSON" */,
				E137140428A0906200A6F5C4 /* XCRemoteSwiftPackageReference "Kingfisher" */,
				E182E7E128A5D6C600AE6B10 /* XCRemoteSwiftPackageReference "YPImagePicker" */,
			);
			productRefGroup = E13713E828A08FE800A6F5C4 /* Products */;
			projectDirPath = "";
			projectRoot = "";
			targets = (
				E13713E628A08FE800A6F5C4 /* week6 */,
			);
		};
/* End PBXProject section */

/* Begin PBXResourcesBuildPhase section */
		E13713E528A08FE800A6F5C4 /* Resources */ = {
			isa = PBXResourcesBuildPhase;
			buildActionMask = 2147483647;
			files = (
				E13713F728A08FEA00A6F5C4 /* LaunchScreen.storyboard in Resources */,
				E13713F428A08FEA00A6F5C4 /* Assets.xcassets in Resources */,
				E1B4DF1828A1F3AC00739392 /* cardCollectionViewCell.xib in Resources */,
				E1B4DF1228A1E60D00739392 /* cardView.xib in Resources */,
				E135B50D28A6341400D05D8E /* .gitignore in Resources */,
				E13713F228A08FE900A6F5C4 /* Main.storyboard in Resources */,
			);
			runOnlyForDeploymentPostprocessing = 0;
		};
/* End PBXResourcesBuildPhase section */

/* Begin PBXSourcesBuildPhase section */
		E13713E328A08FE800A6F5C4 /* Sources */ = {
			isa = PBXSourcesBuildPhase;
			buildActionMask = 2147483647;
			files = (
				E1B4DF1E28A1FC2400739392 /* MainTableViewCell.swift in Sources */,
				E13713EF28A08FE800A6F5C4 /* ViewController.swift in Sources */,
				E13713EB28A08FE800A6F5C4 /* AppDelegate.swift in Sources */,
				E182E7E528A5DD6200AE6B10 /* CameraViewController.swift in Sources */,
				E1B4DF1628A1F38100739392 /* cardCollectionViewCell.swift in Sources */,
				E1B4DF1C28A1F63A00739392 /* MainViewController.swift in Sources */,
				E137140828A0911600A6F5C4 /* APIKey.swift in Sources */,
				E13713ED28A08FE800A6F5C4 /* SceneDelegate.swift in Sources */,
				E113C52D28A3307300F0FB8A /* ReusebleViewProtocol.swift in Sources */,
				E1B4DF1428A1E62C00739392 /* cardView.swift in Sources */,
				E137141128A0ABF700A6F5C4 /* CloserViewController.swift in Sources */,
				E137140F28A0A79200A6F5C4 /* KakaoAPIManager.swift in Sources */,
				E1B4DF1028A1E03500739392 /* SeSacButton.swift in Sources */,
				E137140B28A0949B00A6F5C4 /* Endpoint.swift in Sources */,
				E113C53028A343E500F0FB8A /* TMDBAPIManager.swift in Sources */,
				E137140D28A0952600A6F5C4 /* URL+Extension.swift in Sources */,
				E1D541E628A493B00092228D /* MapViewController.swift in Sources */,
			);
			runOnlyForDeploymentPostprocessing = 0;
		};
/* End PBXSourcesBuildPhase section */

/* Begin PBXVariantGroup section */
		E13713F028A08FE900A6F5C4 /* Main.storyboard */ = {
			isa = PBXVariantGroup;
			children = (
				E13713F128A08FE900A6F5C4 /* Base */,
			);
			name = Main.storyboard;
			sourceTree = "<group>";
		};
		E13713F528A08FEA00A6F5C4 /* LaunchScreen.storyboard */ = {
			isa = PBXVariantGroup;
			children = (
				E13713F628A08FEA00A6F5C4 /* Base */,
			);
			name = LaunchScreen.storyboard;
			sourceTree = "<group>";
		};
/* End PBXVariantGroup section */

/* Begin XCBuildConfiguration section */
		E13713F928A08FEA00A6F5C4 /* Debug */ = {
			isa = XCBuildConfiguration;
			buildSettings = {
				ALWAYS_SEARCH_USER_PATHS = NO;
				CLANG_ANALYZER_NONNULL = YES;
				CLANG_ANALYZER_NUMBER_OBJECT_CONVERSION = YES_AGGRESSIVE;
				CLANG_CXX_LANGUAGE_STANDARD = "gnu++17";
				CLANG_ENABLE_MODULES = YES;
				CLANG_ENABLE_OBJC_ARC = YES;
				CLANG_ENABLE_OBJC_WEAK = YES;
				CLANG_WARN_BLOCK_CAPTURE_AUTORELEASING = YES;
				CLANG_WARN_BOOL_CONVERSION = YES;
				CLANG_WARN_COMMA = YES;
				CLANG_WARN_CONSTANT_CONVERSION = YES;
				CLANG_WARN_DEPRECATED_OBJC_IMPLEMENTATIONS = YES;
				CLANG_WARN_DIRECT_OBJC_ISA_USAGE = YES_ERROR;
				CLANG_WARN_DOCUMENTATION_COMMENTS = YES;
				CLANG_WARN_EMPTY_BODY = YES;
				CLANG_WARN_ENUM_CONVERSION = YES;
				CLANG_WARN_INFINITE_RECURSION = YES;
				CLANG_WARN_INT_CONVERSION = YES;
				CLANG_WARN_NON_LITERAL_NULL_CONVERSION = YES;
				CLANG_WARN_OBJC_IMPLICIT_RETAIN_SELF = YES;
				CLANG_WARN_OBJC_LITERAL_CONVERSION = YES;
				CLANG_WARN_OBJC_ROOT_CLASS = YES_ERROR;
				CLANG_WARN_QUOTED_INCLUDE_IN_FRAMEWORK_HEADER = YES;
				CLANG_WARN_RANGE_LOOP_ANALYSIS = YES;
				CLANG_WARN_STRICT_PROTOTYPES = YES;
				CLANG_WARN_SUSPICIOUS_MOVE = YES;
				CLANG_WARN_UNGUARDED_AVAILABILITY = YES_AGGRESSIVE;
				CLANG_WARN_UNREACHABLE_CODE = YES;
				CLANG_WARN__DUPLICATE_METHOD_MATCH = YES;
				COPY_PHASE_STRIP = NO;
				DEBUG_INFORMATION_FORMAT = dwarf;
				ENABLE_STRICT_OBJC_MSGSEND = YES;
				ENABLE_TESTABILITY = YES;
				GCC_C_LANGUAGE_STANDARD = gnu11;
				GCC_DYNAMIC_NO_PIC = NO;
				GCC_NO_COMMON_BLOCKS = YES;
				GCC_OPTIMIZATION_LEVEL = 0;
				GCC_PREPROCESSOR_DEFINITIONS = (
					"DEBUG=1",
					"$(inherited)",
				);
				GCC_WARN_64_TO_32_BIT_CONVERSION = YES;
				GCC_WARN_ABOUT_RETURN_TYPE = YES_ERROR;
				GCC_WARN_UNDECLARED_SELECTOR = YES;
				GCC_WARN_UNINITIALIZED_AUTOS = YES_AGGRESSIVE;
				GCC_WARN_UNUSED_FUNCTION = YES;
				GCC_WARN_UNUSED_VARIABLE = YES;
				IPHONEOS_DEPLOYMENT_TARGET = 15.5;
				MTL_ENABLE_DEBUG_INFO = INCLUDE_SOURCE;
				MTL_FAST_MATH = YES;
				ONLY_ACTIVE_ARCH = YES;
				SDKROOT = iphoneos;
				SWIFT_ACTIVE_COMPILATION_CONDITIONS = DEBUG;
				SWIFT_OPTIMIZATION_LEVEL = "-Onone";
			};
			name = Debug;
		};
		E13713FA28A08FEA00A6F5C4 /* Release */ = {
			isa = XCBuildConfiguration;
			buildSettings = {
				ALWAYS_SEARCH_USER_PATHS = NO;
				CLANG_ANALYZER_NONNULL = YES;
				CLANG_ANALYZER_NUMBER_OBJECT_CONVERSION = YES_AGGRESSIVE;
				CLANG_CXX_LANGUAGE_STANDARD = "gnu++17";
				CLANG_ENABLE_MODULES = YES;
				CLANG_ENABLE_OBJC_ARC = YES;
				CLANG_ENABLE_OBJC_WEAK = YES;
				CLANG_WARN_BLOCK_CAPTURE_AUTORELEASING = YES;
				CLANG_WARN_BOOL_CONVERSION = YES;
				CLANG_WARN_COMMA = YES;
				CLANG_WARN_CONSTANT_CONVERSION = YES;
				CLANG_WARN_DEPRECATED_OBJC_IMPLEMENTATIONS = YES;
				CLANG_WARN_DIRECT_OBJC_ISA_USAGE = YES_ERROR;
				CLANG_WARN_DOCUMENTATION_COMMENTS = YES;
				CLANG_WARN_EMPTY_BODY = YES;
				CLANG_WARN_ENUM_CONVERSION = YES;
				CLANG_WARN_INFINITE_RECURSION = YES;
				CLANG_WARN_INT_CONVERSION = YES;
				CLANG_WARN_NON_LITERAL_NULL_CONVERSION = YES;
				CLANG_WARN_OBJC_IMPLICIT_RETAIN_SELF = YES;
				CLANG_WARN_OBJC_LITERAL_CONVERSION = YES;
				CLANG_WARN_OBJC_ROOT_CLASS = YES_ERROR;
				CLANG_WARN_QUOTED_INCLUDE_IN_FRAMEWORK_HEADER = YES;
				CLANG_WARN_RANGE_LOOP_ANALYSIS = YES;
				CLANG_WARN_STRICT_PROTOTYPES = YES;
				CLANG_WARN_SUSPICIOUS_MOVE = YES;
				CLANG_WARN_UNGUARDED_AVAILABILITY = YES_AGGRESSIVE;
				CLANG_WARN_UNREACHABLE_CODE = YES;
				CLANG_WARN__DUPLICATE_METHOD_MATCH = YES;
				COPY_PHASE_STRIP = NO;
				DEBUG_INFORMATION_FORMAT = "dwarf-with-dsym";
				ENABLE_NS_ASSERTIONS = NO;
				ENABLE_STRICT_OBJC_MSGSEND = YES;
				GCC_C_LANGUAGE_STANDARD = gnu11;
				GCC_NO_COMMON_BLOCKS = YES;
				GCC_WARN_64_TO_32_BIT_CONVERSION = YES;
				GCC_WARN_ABOUT_RETURN_TYPE = YES_ERROR;
				GCC_WARN_UNDECLARED_SELECTOR = YES;
				GCC_WARN_UNINITIALIZED_AUTOS = YES_AGGRESSIVE;
				GCC_WARN_UNUSED_FUNCTION = YES;
				GCC_WARN_UNUSED_VARIABLE = YES;
				IPHONEOS_DEPLOYMENT_TARGET = 15.5;
				MTL_ENABLE_DEBUG_INFO = NO;
				MTL_FAST_MATH = YES;
				SDKROOT = iphoneos;
				SWIFT_COMPILATION_MODE = wholemodule;
				SWIFT_OPTIMIZATION_LEVEL = "-O";
				VALIDATE_PRODUCT = YES;
			};
			name = Release;
		};
		E13713FC28A08FEA00A6F5C4 /* Debug */ = {
			isa = XCBuildConfiguration;
			buildSettings = {
				ASSETCATALOG_COMPILER_APPICON_NAME = AppIcon;
				ASSETCATALOG_COMPILER_GLOBAL_ACCENT_COLOR_NAME = AccentColor;
				CODE_SIGN_STYLE = Automatic;
				CURRENT_PROJECT_VERSION = 1;
				DEVELOPMENT_TEAM = 5MHUF29PV8;
				GENERATE_INFOPLIST_FILE = YES;
				INFOPLIST_FILE = week6/Info.plist;
				INFOPLIST_KEY_CFBundleDisplayName = WEEK6;
				INFOPLIST_KEY_NSLocationWhenInUseUsageDescription = "서브타이틀";
				INFOPLIST_KEY_UIApplicationSupportsIndirectInputEvents = YES;
				INFOPLIST_KEY_UILaunchStoryboardName = LaunchScreen;
				INFOPLIST_KEY_UIMainStoryboardFile = Main;
				INFOPLIST_KEY_UISupportedInterfaceOrientations_iPad = "UIInterfaceOrientationPortrait UIInterfaceOrientationPortraitUpsideDown UIInterfaceOrientationLandscapeLeft UIInterfaceOrientationLandscapeRight";
				INFOPLIST_KEY_UISupportedInterfaceOrientations_iPhone = "UIInterfaceOrientationPortrait UIInterfaceOrientationLandscapeLeft UIInterfaceOrientationLandscapeRight";
				LD_RUNPATH_SEARCH_PATHS = (
					"$(inherited)",
					"@executable_path/Frameworks",
				);
				MARKETING_VERSION = 1.0;
				PRODUCT_BUNDLE_IDENTIFIER = com.sesac.week6;
				PRODUCT_NAME = "$(TARGET_NAME)";
				SWIFT_EMIT_LOC_STRINGS = YES;
				SWIFT_VERSION = 5.0;
				TARGETED_DEVICE_FAMILY = 1;
			};
			name = Debug;
		};
		E13713FD28A08FEA00A6F5C4 /* Release */ = {
			isa = XCBuildConfiguration;
			buildSettings = {
				ASSETCATALOG_COMPILER_APPICON_NAME = AppIcon;
				ASSETCATALOG_COMPILER_GLOBAL_ACCENT_COLOR_NAME = AccentColor;
				CODE_SIGN_STYLE = Automatic;
				CURRENT_PROJECT_VERSION = 1;
				DEVELOPMENT_TEAM = 5MHUF29PV8;
				GENERATE_INFOPLIST_FILE = YES;
				INFOPLIST_FILE = week6/Info.plist;
				INFOPLIST_KEY_CFBundleDisplayName = WEEK6;
				INFOPLIST_KEY_NSLocationWhenInUseUsageDescription = "서브타이틀";
				INFOPLIST_KEY_UIApplicationSupportsIndirectInputEvents = YES;
				INFOPLIST_KEY_UILaunchStoryboardName = LaunchScreen;
				INFOPLIST_KEY_UIMainStoryboardFile = Main;
				INFOPLIST_KEY_UISupportedInterfaceOrientations_iPad = "UIInterfaceOrientationPortrait UIInterfaceOrientationPortraitUpsideDown UIInterfaceOrientationLandscapeLeft UIInterfaceOrientationLandscapeRight";
				INFOPLIST_KEY_UISupportedInterfaceOrientations_iPhone = "UIInterfaceOrientationPortrait UIInterfaceOrientationLandscapeLeft UIInterfaceOrientationLandscapeRight";
				LD_RUNPATH_SEARCH_PATHS = (
					"$(inherited)",
					"@executable_path/Frameworks",
				);
				MARKETING_VERSION = 1.0;
				PRODUCT_BUNDLE_IDENTIFIER = com.sesac.week6;
				PRODUCT_NAME = "$(TARGET_NAME)";
				SWIFT_EMIT_LOC_STRINGS = YES;
				SWIFT_VERSION = 5.0;
				TARGETED_DEVICE_FAMILY = 1;
			};
			name = Release;
		};
/* End XCBuildConfiguration section */

/* Begin XCConfigurationList section */
		E13713E228A08FE800A6F5C4 /* Build configuration list for PBXProject "week6" */ = {
			isa = XCConfigurationList;
			buildConfigurations = (
				E13713F928A08FEA00A6F5C4 /* Debug */,
				E13713FA28A08FEA00A6F5C4 /* Release */,
			);
			defaultConfigurationIsVisible = 0;
			defaultConfigurationName = Release;
		};
		E13713FB28A08FEA00A6F5C4 /* Build configuration list for PBXNativeTarget "week6" */ = {
			isa = XCConfigurationList;
			buildConfigurations = (
				E13713FC28A08FEA00A6F5C4 /* Debug */,
				E13713FD28A08FEA00A6F5C4 /* Release */,
			);
			defaultConfigurationIsVisible = 0;
			defaultConfigurationName = Release;
		};
/* End XCConfigurationList section */

/* Begin XCRemoteSwiftPackageReference section */
		E13713FE28A0904800A6F5C4 /* XCRemoteSwiftPackageReference "Alamofire" */ = {
			isa = XCRemoteSwiftPackageReference;
			repositoryURL = "https://github.com/Alamofire/Alamofire.git";
			requirement = {
				kind = upToNextMajorVersion;
				minimumVersion = 5.0.0;
			};
		};
		E137140128A0905700A6F5C4 /* XCRemoteSwiftPackageReference "SwiftyJSON" */ = {
			isa = XCRemoteSwiftPackageReference;
			repositoryURL = "https://github.com/SwiftyJSON/SwiftyJSON.git";
			requirement = {
				kind = upToNextMajorVersion;
				minimumVersion = 5.0.0;
			};
		};
		E137140428A0906200A6F5C4 /* XCRemoteSwiftPackageReference "Kingfisher" */ = {
			isa = XCRemoteSwiftPackageReference;
			repositoryURL = "https://github.com/onevcat/Kingfisher.git";
			requirement = {
				kind = upToNextMajorVersion;
				minimumVersion = 7.0.0;
			};
		};
		E182E7E128A5D6C600AE6B10 /* XCRemoteSwiftPackageReference "YPImagePicker" */ = {
			isa = XCRemoteSwiftPackageReference;
			repositoryURL = "https://github.com/Yummypets/YPImagePicker.git";
			requirement = {
				kind = upToNextMajorVersion;
				minimumVersion = 5.0.0;
			};
		};
/* End XCRemoteSwiftPackageReference section */

/* Begin XCSwiftPackageProductDependency section */
		E13713FF28A0904800A6F5C4 /* Alamofire */ = {
			isa = XCSwiftPackageProductDependency;
			package = E13713FE28A0904800A6F5C4 /* XCRemoteSwiftPackageReference "Alamofire" */;
			productName = Alamofire;
		};
		E137140228A0905700A6F5C4 /* SwiftyJSON */ = {
			isa = XCSwiftPackageProductDependency;
			package = E137140128A0905700A6F5C4 /* XCRemoteSwiftPackageReference "SwiftyJSON" */;
			productName = SwiftyJSON;
		};
		E137140528A0906200A6F5C4 /* Kingfisher */ = {
			isa = XCSwiftPackageProductDependency;
			package = E137140428A0906200A6F5C4 /* XCRemoteSwiftPackageReference "Kingfisher" */;
			productName = Kingfisher;
		};
		E182E7E228A5D6C600AE6B10 /* YPImagePicker */ = {
			isa = XCSwiftPackageProductDependency;
			package = E182E7E128A5D6C600AE6B10 /* XCRemoteSwiftPackageReference "YPImagePicker" */;
			productName = YPImagePicker;
		};
/* End XCSwiftPackageProductDependency section */
	};
	rootObject = E13713DF28A08FE800A6F5C4 /* Project object */;
}
