// !$*UTF8*$!
{
	archiveVersion = 1;
	classes = {
	};
	objectVersion = 55;
	objects = {

/* Begin PBXBuildFile section */
		E1A303992899F6BB00924F2B /* AppDelegate.swift in Sources */ = {isa = PBXBuildFile; fileRef = E1A303982899F6BB00924F2B /* AppDelegate.swift */; };
		E1A3039B2899F6BB00924F2B /* SceneDelegate.swift in Sources */ = {isa = PBXBuildFile; fileRef = E1A3039A2899F6BB00924F2B /* SceneDelegate.swift */; };
		E1A3039D2899F6BB00924F2B /* ViewController.swift in Sources */ = {isa = PBXBuildFile; fileRef = E1A3039C2899F6BB00924F2B /* ViewController.swift */; };
		E1A303A02899F6BB00924F2B /* Main.storyboard in Resources */ = {isa = PBXBuildFile; fileRef = E1A3039E2899F6BB00924F2B /* Main.storyboard */; };
		E1A303A22899F6BD00924F2B /* Assets.xcassets in Resources */ = {isa = PBXBuildFile; fileRef = E1A303A12899F6BD00924F2B /* Assets.xcassets */; };
		E1A303A52899F6BD00924F2B /* LaunchScreen.storyboard in Resources */ = {isa = PBXBuildFile; fileRef = E1A303A32899F6BD00924F2B /* LaunchScreen.storyboard */; };
		E1A303AD2899F7BE00924F2B /* .gitignore in Resources */ = {isa = PBXBuildFile; fileRef = E1A303AC2899F7BE00924F2B /* .gitignore */; };
		E1A303AF2899F83400924F2B /* SearchViewController.swift in Sources */ = {isa = PBXBuildFile; fileRef = E1A303AE2899F83400924F2B /* SearchViewController.swift */; };
		E1A303B12899F89600924F2B /* APIKey.swift in Sources */ = {isa = PBXBuildFile; fileRef = E1A303B02899F89600924F2B /* APIKey.swift */; };
/* End PBXBuildFile section */

/* Begin PBXFileReference section */
		E1A303952899F6BB00924F2B /* TMDBproject.app */ = {isa = PBXFileReference; explicitFileType = wrapper.application; includeInIndex = 0; path = TMDBproject.app; sourceTree = BUILT_PRODUCTS_DIR; };
		E1A303982899F6BB00924F2B /* AppDelegate.swift */ = {isa = PBXFileReference; lastKnownFileType = sourcecode.swift; path = AppDelegate.swift; sourceTree = "<group>"; };
		E1A3039A2899F6BB00924F2B /* SceneDelegate.swift */ = {isa = PBXFileReference; lastKnownFileType = sourcecode.swift; path = SceneDelegate.swift; sourceTree = "<group>"; };
		E1A3039C2899F6BB00924F2B /* ViewController.swift */ = {isa = PBXFileReference; lastKnownFileType = sourcecode.swift; path = ViewController.swift; sourceTree = "<group>"; };
		E1A3039F2899F6BB00924F2B /* Base */ = {isa = PBXFileReference; lastKnownFileType = file.storyboard; name = Base; path = Base.lproj/Main.storyboard; sourceTree = "<group>"; };
		E1A303A12899F6BD00924F2B /* Assets.xcassets */ = {isa = PBXFileReference; lastKnownFileType = folder.assetcatalog; path = Assets.xcassets; sourceTree = "<group>"; };
		E1A303A42899F6BD00924F2B /* Base */ = {isa = PBXFileReference; lastKnownFileType = file.storyboard; name = Base; path = Base.lproj/LaunchScreen.storyboard; sourceTree = "<group>"; };
		E1A303A62899F6BD00924F2B /* Info.plist */ = {isa = PBXFileReference; lastKnownFileType = text.plist.xml; path = Info.plist; sourceTree = "<group>"; };
		E1A303AC2899F7BE00924F2B /* .gitignore */ = {isa = PBXFileReference; lastKnownFileType = text; name = .gitignore; path = TMDBproject/.gitignore; sourceTree = "<group>"; };
		E1A303AE2899F83400924F2B /* SearchViewController.swift */ = {isa = PBXFileReference; lastKnownFileType = sourcecode.swift; path = SearchViewController.swift; sourceTree = SOURCE_ROOT; };
		E1A303B02899F89600924F2B /* APIKey.swift */ = {isa = PBXFileReference; lastKnownFileType = sourcecode.swift; path = APIKey.swift; sourceTree = SOURCE_ROOT; };
/* End PBXFileReference section */

/* Begin PBXFrameworksBuildPhase section */
		E1A303922899F6BB00924F2B /* Frameworks */ = {
			isa = PBXFrameworksBuildPhase;
			buildActionMask = 2147483647;
			files = (
			);
			runOnlyForDeploymentPostprocessing = 0;
		};
/* End PBXFrameworksBuildPhase section */

/* Begin PBXGroup section */
		E1A3038C2899F6BB00924F2B = {
			isa = PBXGroup;
			children = (
				E1A303AC2899F7BE00924F2B /* .gitignore */,
				E1A303972899F6BB00924F2B /* TMDBproject */,
				E1A303962899F6BB00924F2B /* Products */,
			);
			sourceTree = "<group>";
		};
		E1A303962899F6BB00924F2B /* Products */ = {
			isa = PBXGroup;
			children = (
				E1A303952899F6BB00924F2B /* TMDBproject.app */,
			);
			name = Products;
			sourceTree = "<group>";
		};
		E1A303972899F6BB00924F2B /* TMDBproject */ = {
			isa = PBXGroup;
			children = (
				E1A303B02899F89600924F2B /* APIKey.swift */,
				E1A303AE2899F83400924F2B /* SearchViewController.swift */,
				E1A303982899F6BB00924F2B /* AppDelegate.swift */,
				E1A3039A2899F6BB00924F2B /* SceneDelegate.swift */,
				E1A3039C2899F6BB00924F2B /* ViewController.swift */,
				E1A3039E2899F6BB00924F2B /* Main.storyboard */,
				E1A303A12899F6BD00924F2B /* Assets.xcassets */,
				E1A303A32899F6BD00924F2B /* LaunchScreen.storyboard */,
				E1A303A62899F6BD00924F2B /* Info.plist */,
			);
			path = TMDBproject;
			sourceTree = "<group>";
		};
/* End PBXGroup section */

/* Begin PBXNativeTarget section */
		E1A303942899F6BB00924F2B /* TMDBproject */ = {
			isa = PBXNativeTarget;
			buildConfigurationList = E1A303A92899F6BD00924F2B /* Build configuration list for PBXNativeTarget "TMDBproject" */;
			buildPhases = (
				E1A303912899F6BB00924F2B /* Sources */,
				E1A303922899F6BB00924F2B /* Frameworks */,
				E1A303932899F6BB00924F2B /* Resources */,
			);
			buildRules = (
			);
			dependencies = (
			);
			name = TMDBproject;
			productName = TMDBproject;
			productReference = E1A303952899F6BB00924F2B /* TMDBproject.app */;
			productType = "com.apple.product-type.application";
		};
/* End PBXNativeTarget section */

/* Begin PBXProject section */
		E1A3038D2899F6BB00924F2B /* Project object */ = {
			isa = PBXProject;
			attributes = {
				BuildIndependentTargetsInParallel = 1;
				LastSwiftUpdateCheck = 1340;
				LastUpgradeCheck = 1340;
				TargetAttributes = {
					E1A303942899F6BB00924F2B = {
						CreatedOnToolsVersion = 13.4.1;
					};
				};
			};
			buildConfigurationList = E1A303902899F6BB00924F2B /* Build configuration list for PBXProject "TMDBproject" */;
			compatibilityVersion = "Xcode 13.0";
			developmentRegion = en;
			hasScannedForEncodings = 0;
			knownRegions = (
				en,
				Base,
			);
			mainGroup = E1A3038C2899F6BB00924F2B;
			productRefGroup = E1A303962899F6BB00924F2B /* Products */;
			projectDirPath = "";
			projectRoot = "";
			targets = (
				E1A303942899F6BB00924F2B /* TMDBproject */,
			);
		};
/* End PBXProject section */

/* Begin PBXResourcesBuildPhase section */
		E1A303932899F6BB00924F2B /* Resources */ = {
			isa = PBXResourcesBuildPhase;
			buildActionMask = 2147483647;
			files = (
				E1A303AD2899F7BE00924F2B /* .gitignore in Resources */,
				E1A303A52899F6BD00924F2B /* LaunchScreen.storyboard in Resources */,
				E1A303A22899F6BD00924F2B /* Assets.xcassets in Resources */,
				E1A303A02899F6BB00924F2B /* Main.storyboard in Resources */,
			);
			runOnlyForDeploymentPostprocessing = 0;
		};
/* End PBXResourcesBuildPhase section */

/* Begin PBXSourcesBuildPhase section */
		E1A303912899F6BB00924F2B /* Sources */ = {
			isa = PBXSourcesBuildPhase;
			buildActionMask = 2147483647;
			files = (
				E1A3039D2899F6BB00924F2B /* ViewController.swift in Sources */,
				E1A303992899F6BB00924F2B /* AppDelegate.swift in Sources */,
				E1A303AF2899F83400924F2B /* SearchViewController.swift in Sources */,
				E1A3039B2899F6BB00924F2B /* SceneDelegate.swift in Sources */,
				E1A303B12899F89600924F2B /* APIKey.swift in Sources */,
			);
			runOnlyForDeploymentPostprocessing = 0;
		};
/* End PBXSourcesBuildPhase section */

/* Begin PBXVariantGroup section */
		E1A3039E2899F6BB00924F2B /* Main.storyboard */ = {
			isa = PBXVariantGroup;
			children = (
				E1A3039F2899F6BB00924F2B /* Base */,
			);
			name = Main.storyboard;
			sourceTree = "<group>";
		};
		E1A303A32899F6BD00924F2B /* LaunchScreen.storyboard */ = {
			isa = PBXVariantGroup;
			children = (
				E1A303A42899F6BD00924F2B /* Base */,
			);
			name = LaunchScreen.storyboard;
			sourceTree = "<group>";
		};
/* End PBXVariantGroup section */

/* Begin XCBuildConfiguration section */
		E1A303A72899F6BD00924F2B /* Debug */ = {
			isa = XCBuildConfiguration;
			buildSettings = {
				ALWAYS_SEARCH_USER_PATHS = NO;
				CLANG_ANALYZER_NONNULL = YES;
				CLANG_ANALYZER_NUMBER_OBJECT_CONVERSION = YES_AGGRESSIVE;
				CLANG_CXX_LANGUAGE_STANDARD = "gnu++17";
				CLANG_ENABLE_MODULES = YES;
				CLANG_ENABLE_OBJC_ARC = YES;
				CLANG_ENABLE_OBJC_WEAK = YES;
				CLANG_WARN_BLOCK_CAPTURE_AUTORELEASING = YES;
				CLANG_WARN_BOOL_CONVERSION = YES;
				CLANG_WARN_COMMA = YES;
				CLANG_WARN_CONSTANT_CONVERSION = YES;
				CLANG_WARN_DEPRECATED_OBJC_IMPLEMENTATIONS = YES;
				CLANG_WARN_DIRECT_OBJC_ISA_USAGE = YES_ERROR;
				CLANG_WARN_DOCUMENTATION_COMMENTS = YES;
				CLANG_WARN_EMPTY_BODY = YES;
				CLANG_WARN_ENUM_CONVERSION = YES;
				CLANG_WARN_INFINITE_RECURSION = YES;
				CLANG_WARN_INT_CONVERSION = YES;
				CLANG_WARN_NON_LITERAL_NULL_CONVERSION = YES;
				CLANG_WARN_OBJC_IMPLICIT_RETAIN_SELF = YES;
				CLANG_WARN_OBJC_LITERAL_CONVERSION = YES;
				CLANG_WARN_OBJC_ROOT_CLASS = YES_ERROR;
				CLANG_WARN_QUOTED_INCLUDE_IN_FRAMEWORK_HEADER = YES;
				CLANG_WARN_RANGE_LOOP_ANALYSIS = YES;
				CLANG_WARN_STRICT_PROTOTYPES = YES;
				CLANG_WARN_SUSPICIOUS_MOVE = YES;
				CLANG_WARN_UNGUARDED_AVAILABILITY = YES_AGGRESSIVE;
				CLANG_WARN_UNREACHABLE_CODE = YES;
				CLANG_WARN__DUPLICATE_METHOD_MATCH = YES;
				COPY_PHASE_STRIP = NO;
				DEBUG_INFORMATION_FORMAT = dwarf;
				ENABLE_STRICT_OBJC_MSGSEND = YES;
				ENABLE_TESTABILITY = YES;
				GCC_C_LANGUAGE_STANDARD = gnu11;
				GCC_DYNAMIC_NO_PIC = NO;
				GCC_NO_COMMON_BLOCKS = YES;
				GCC_OPTIMIZATION_LEVEL = 0;
				GCC_PREPROCESSOR_DEFINITIONS = (
					"DEBUG=1",
					"$(inherited)",
				);
				GCC_WARN_64_TO_32_BIT_CONVERSION = YES;
				GCC_WARN_ABOUT_RETURN_TYPE = YES_ERROR;
				GCC_WARN_UNDECLARED_SELECTOR = YES;
				GCC_WARN_UNINITIALIZED_AUTOS = YES_AGGRESSIVE;
				GCC_WARN_UNUSED_FUNCTION = YES;
				GCC_WARN_UNUSED_VARIABLE = YES;
				IPHONEOS_DEPLOYMENT_TARGET = 15.5;
				MTL_ENABLE_DEBUG_INFO = INCLUDE_SOURCE;
				MTL_FAST_MATH = YES;
				ONLY_ACTIVE_ARCH = YES;
				SDKROOT = iphoneos;
				SWIFT_ACTIVE_COMPILATION_CONDITIONS = DEBUG;
				SWIFT_OPTIMIZATION_LEVEL = "-Onone";
			};
			name = Debug;
		};
		E1A303A82899F6BD00924F2B /* Release */ = {
			isa = XCBuildConfiguration;
			buildSettings = {
				ALWAYS_SEARCH_USER_PATHS = NO;
				CLANG_ANALYZER_NONNULL = YES;
				CLANG_ANALYZER_NUMBER_OBJECT_CONVERSION = YES_AGGRESSIVE;
				CLANG_CXX_LANGUAGE_STANDARD = "gnu++17";
				CLANG_ENABLE_MODULES = YES;
				CLANG_ENABLE_OBJC_ARC = YES;
				CLANG_ENABLE_OBJC_WEAK = YES;
				CLANG_WARN_BLOCK_CAPTURE_AUTORELEASING = YES;
				CLANG_WARN_BOOL_CONVERSION = YES;
				CLANG_WARN_COMMA = YES;
				CLANG_WARN_CONSTANT_CONVERSION = YES;
				CLANG_WARN_DEPRECATED_OBJC_IMPLEMENTATIONS = YES;
				CLANG_WARN_DIRECT_OBJC_ISA_USAGE = YES_ERROR;
				CLANG_WARN_DOCUMENTATION_COMMENTS = YES;
				CLANG_WARN_EMPTY_BODY = YES;
				CLANG_WARN_ENUM_CONVERSION = YES;
				CLANG_WARN_INFINITE_RECURSION = YES;
				CLANG_WARN_INT_CONVERSION = YES;
				CLANG_WARN_NON_LITERAL_NULL_CONVERSION = YES;
				CLANG_WARN_OBJC_IMPLICIT_RETAIN_SELF = YES;
				CLANG_WARN_OBJC_LITERAL_CONVERSION = YES;
				CLANG_WARN_OBJC_ROOT_CLASS = YES_ERROR;
				CLANG_WARN_QUOTED_INCLUDE_IN_FRAMEWORK_HEADER = YES;
				CLANG_WARN_RANGE_LOOP_ANALYSIS = YES;
				CLANG_WARN_STRICT_PROTOTYPES = YES;
				CLANG_WARN_SUSPICIOUS_MOVE = YES;
				CLANG_WARN_UNGUARDED_AVAILABILITY = YES_AGGRESSIVE;
				CLANG_WARN_UNREACHABLE_CODE = YES;
				CLANG_WARN__DUPLICATE_METHOD_MATCH = YES;
				COPY_PHASE_STRIP = NO;
				DEBUG_INFORMATION_FORMAT = "dwarf-with-dsym";
				ENABLE_NS_ASSERTIONS = NO;
				ENABLE_STRICT_OBJC_MSGSEND = YES;
				GCC_C_LANGUAGE_STANDARD = gnu11;
				GCC_NO_COMMON_BLOCKS = YES;
				GCC_WARN_64_TO_32_BIT_CONVERSION = YES;
				GCC_WARN_ABOUT_RETURN_TYPE = YES_ERROR;
				GCC_WARN_UNDECLARED_SELECTOR = YES;
				GCC_WARN_UNINITIALIZED_AUTOS = YES_AGGRESSIVE;
				GCC_WARN_UNUSED_FUNCTION = YES;
				GCC_WARN_UNUSED_VARIABLE = YES;
				IPHONEOS_DEPLOYMENT_TARGET = 15.5;
				MTL_ENABLE_DEBUG_INFO = NO;
				MTL_FAST_MATH = YES;
				SDKROOT = iphoneos;
				SWIFT_COMPILATION_MODE = wholemodule;
				SWIFT_OPTIMIZATION_LEVEL = "-O";
				VALIDATE_PRODUCT = YES;
			};
			name = Release;
		};
		E1A303AA2899F6BD00924F2B /* Debug */ = {
			isa = XCBuildConfiguration;
			buildSettings = {
				ASSETCATALOG_COMPILER_APPICON_NAME = AppIcon;
				ASSETCATALOG_COMPILER_GLOBAL_ACCENT_COLOR_NAME = AccentColor;
				CODE_SIGN_STYLE = Automatic;
				CURRENT_PROJECT_VERSION = 1;
				DEVELOPMENT_TEAM = 5MHUF29PV8;
				GENERATE_INFOPLIST_FILE = YES;
				INFOPLIST_FILE = TMDBproject/Info.plist;
				INFOPLIST_KEY_UIApplicationSupportsIndirectInputEvents = YES;
				INFOPLIST_KEY_UILaunchStoryboardName = LaunchScreen;
				INFOPLIST_KEY_UIMainStoryboardFile = Main;
				INFOPLIST_KEY_UISupportedInterfaceOrientations_iPad = "UIInterfaceOrientationPortrait UIInterfaceOrientationPortraitUpsideDown UIInterfaceOrientationLandscapeLeft UIInterfaceOrientationLandscapeRight";
				INFOPLIST_KEY_UISupportedInterfaceOrientations_iPhone = "UIInterfaceOrientationPortrait UIInterfaceOrientationLandscapeLeft UIInterfaceOrientationLandscapeRight";
				LD_RUNPATH_SEARCH_PATHS = (
					"$(inherited)",
					"@executable_path/Frameworks",
				);
				MARKETING_VERSION = 1.0;
				PRODUCT_BUNDLE_IDENTIFIER = com.sesac.TMDBproject;
				PRODUCT_NAME = "$(TARGET_NAME)";
				SWIFT_EMIT_LOC_STRINGS = YES;
				SWIFT_VERSION = 5.0;
				TARGETED_DEVICE_FAMILY = 1;
			};
			name = Debug;
		};
		E1A303AB2899F6BD00924F2B /* Release */ = {
			isa = XCBuildConfiguration;
			buildSettings = {
				ASSETCATALOG_COMPILER_APPICON_NAME = AppIcon;
				ASSETCATALOG_COMPILER_GLOBAL_ACCENT_COLOR_NAME = AccentColor;
				CODE_SIGN_STYLE = Automatic;
				CURRENT_PROJECT_VERSION = 1;
				DEVELOPMENT_TEAM = 5MHUF29PV8;
				GENERATE_INFOPLIST_FILE = YES;
				INFOPLIST_FILE = TMDBproject/Info.plist;
				INFOPLIST_KEY_UIApplicationSupportsIndirectInputEvents = YES;
				INFOPLIST_KEY_UILaunchStoryboardName = LaunchScreen;
				INFOPLIST_KEY_UIMainStoryboardFile = Main;
				INFOPLIST_KEY_UISupportedInterfaceOrientations_iPad = "UIInterfaceOrientationPortrait UIInterfaceOrientationPortraitUpsideDown UIInterfaceOrientationLandscapeLeft UIInterfaceOrientationLandscapeRight";
				INFOPLIST_KEY_UISupportedInterfaceOrientations_iPhone = "UIInterfaceOrientationPortrait UIInterfaceOrientationLandscapeLeft UIInterfaceOrientationLandscapeRight";
				LD_RUNPATH_SEARCH_PATHS = (
					"$(inherited)",
					"@executable_path/Frameworks",
				);
				MARKETING_VERSION = 1.0;
				PRODUCT_BUNDLE_IDENTIFIER = com.sesac.TMDBproject;
				PRODUCT_NAME = "$(TARGET_NAME)";
				SWIFT_EMIT_LOC_STRINGS = YES;
				SWIFT_VERSION = 5.0;
				TARGETED_DEVICE_FAMILY = 1;
			};
			name = Release;
		};
/* End XCBuildConfiguration section */

/* Begin XCConfigurationList section */
		E1A303902899F6BB00924F2B /* Build configuration list for PBXProject "TMDBproject" */ = {
			isa = XCConfigurationList;
			buildConfigurations = (
				E1A303A72899F6BD00924F2B /* Debug */,
				E1A303A82899F6BD00924F2B /* Release */,
			);
			defaultConfigurationIsVisible = 0;
			defaultConfigurationName = Release;
		};
		E1A303A92899F6BD00924F2B /* Build configuration list for PBXNativeTarget "TMDBproject" */ = {
			isa = XCConfigurationList;
			buildConfigurations = (
				E1A303AA2899F6BD00924F2B /* Debug */,
				E1A303AB2899F6BD00924F2B /* Release */,
			);
			defaultConfigurationIsVisible = 0;
			defaultConfigurationName = Release;
		};
/* End XCConfigurationList section */
	};
	rootObject = E1A3038D2899F6BB00924F2B /* Project object */;
}
